// !$*UTF8*$!
{
	archiveVersion = 1;
	classes = {
	};
	objectVersion = 50;
	objects = {

/* Begin PBXBuildFile section */
		D49B784F266F0D0200CF3FE4 /* AppDelegate.swift in Sources */ = {isa = PBXBuildFile; fileRef = D49B784E266F0D0200CF3FE4 /* AppDelegate.swift */; };
		D49B7851266F0D0200CF3FE4 /* SceneDelegate.swift in Sources */ = {isa = PBXBuildFile; fileRef = D49B7850266F0D0200CF3FE4 /* SceneDelegate.swift */; };
		D49B7853266F0D0200CF3FE4 /* SignInViewController.swift in Sources */ = {isa = PBXBuildFile; fileRef = D49B7852266F0D0200CF3FE4 /* SignInViewController.swift */; };
		D49B7856266F0D0200CF3FE4 /* Main.storyboard in Resources */ = {isa = PBXBuildFile; fileRef = D49B7854266F0D0200CF3FE4 /* Main.storyboard */; };
		D49B7858266F0D0400CF3FE4 /* Assets.xcassets in Resources */ = {isa = PBXBuildFile; fileRef = D49B7857266F0D0400CF3FE4 /* Assets.xcassets */; };
		D49B785B266F0D0400CF3FE4 /* LaunchScreen.storyboard in Resources */ = {isa = PBXBuildFile; fileRef = D49B7859266F0D0400CF3FE4 /* LaunchScreen.storyboard */; };
		D49B7863266F6C4B00CF3FE4 /* Issue.storyboard in Resources */ = {isa = PBXBuildFile; fileRef = D49B7862266F6C4B00CF3FE4 /* Issue.storyboard */; };
		D49B78672670A67400CF3FE4 /* IssueCell.swift in Sources */ = {isa = PBXBuildFile; fileRef = D49B78662670A67400CF3FE4 /* IssueCell.swift */; };
		D49B78692670AD9900CF3FE4 /* PaddingLabel.swift in Sources */ = {isa = PBXBuildFile; fileRef = D49B78682670AD9900CF3FE4 /* PaddingLabel.swift */; };
		D49B78732671E97300CF3FE4 /* FilterTableViewController.swift in Sources */ = {isa = PBXBuildFile; fileRef = D49B78722671E97300CF3FE4 /* FilterTableViewController.swift */; };
		D49B78752671F4FB00CF3FE4 /* UIButton + Extension.swift in Sources */ = {isa = PBXBuildFile; fileRef = D49B78742671F4FB00CF3FE4 /* UIButton + Extension.swift */; };
		D49B78772673299400CF3FE4 /* IssueViewController.swift in Sources */ = {isa = PBXBuildFile; fileRef = D49B78762673299400CF3FE4 /* IssueViewController.swift */; };
		D49B78792673313B00CF3FE4 /* AddingIssueViewController.swift in Sources */ = {isa = PBXBuildFile; fileRef = D49B78782673313B00CF3FE4 /* AddingIssueViewController.swift */; };
		D49B787B2673479C00CF3FE4 /* AdditionalInformationCell.swift in Sources */ = {isa = PBXBuildFile; fileRef = D49B787A2673479C00CF3FE4 /* AdditionalInformationCell.swift */; };
		D49B787D2673586F00CF3FE4 /* IssueSelectViewController.swift in Sources */ = {isa = PBXBuildFile; fileRef = D49B787C2673586E00CF3FE4 /* IssueSelectViewController.swift */; };
		D49B78812676216B00CF3FE4 /* Issue.swift in Sources */ = {isa = PBXBuildFile; fileRef = D49B78802676216B00CF3FE4 /* Issue.swift */; };
		D49B7883267622A500CF3FE4 /* Assignment.swift in Sources */ = {isa = PBXBuildFile; fileRef = D49B7882267622A500CF3FE4 /* Assignment.swift */; };
		D49B7885267622CF00CF3FE4 /* Label.swift in Sources */ = {isa = PBXBuildFile; fileRef = D49B7884267622CF00CF3FE4 /* Label.swift */; };
		D49B7887267622D800CF3FE4 /* Milestone.swift in Sources */ = {isa = PBXBuildFile; fileRef = D49B7886267622D800CF3FE4 /* Milestone.swift */; };
/* End PBXBuildFile section */

/* Begin PBXFileReference section */
		D49B784B266F0D0200CF3FE4 /* Issue-Trackker.app */ = {isa = PBXFileReference; explicitFileType = wrapper.application; includeInIndex = 0; path = "Issue-Trackker.app"; sourceTree = BUILT_PRODUCTS_DIR; };
		D49B784E266F0D0200CF3FE4 /* AppDelegate.swift */ = {isa = PBXFileReference; lastKnownFileType = sourcecode.swift; path = AppDelegate.swift; sourceTree = "<group>"; };
		D49B7850266F0D0200CF3FE4 /* SceneDelegate.swift */ = {isa = PBXFileReference; lastKnownFileType = sourcecode.swift; path = SceneDelegate.swift; sourceTree = "<group>"; };
		D49B7852266F0D0200CF3FE4 /* SignInViewController.swift */ = {isa = PBXFileReference; lastKnownFileType = sourcecode.swift; path = SignInViewController.swift; sourceTree = "<group>"; };
		D49B7855266F0D0200CF3FE4 /* Base */ = {isa = PBXFileReference; lastKnownFileType = file.storyboard; name = Base; path = Base.lproj/Main.storyboard; sourceTree = "<group>"; };
		D49B7857266F0D0400CF3FE4 /* Assets.xcassets */ = {isa = PBXFileReference; lastKnownFileType = folder.assetcatalog; path = Assets.xcassets; sourceTree = "<group>"; };
		D49B785A266F0D0400CF3FE4 /* Base */ = {isa = PBXFileReference; lastKnownFileType = file.storyboard; name = Base; path = Base.lproj/LaunchScreen.storyboard; sourceTree = "<group>"; };
		D49B785C266F0D0400CF3FE4 /* Info.plist */ = {isa = PBXFileReference; lastKnownFileType = text.plist.xml; path = Info.plist; sourceTree = "<group>"; };
		D49B7862266F6C4B00CF3FE4 /* Issue.storyboard */ = {isa = PBXFileReference; lastKnownFileType = file.storyboard; path = Issue.storyboard; sourceTree = "<group>"; };
		D49B78662670A67400CF3FE4 /* IssueCell.swift */ = {isa = PBXFileReference; lastKnownFileType = sourcecode.swift; path = IssueCell.swift; sourceTree = "<group>"; };
		D49B78682670AD9900CF3FE4 /* PaddingLabel.swift */ = {isa = PBXFileReference; lastKnownFileType = sourcecode.swift; path = PaddingLabel.swift; sourceTree = "<group>"; };
		D49B78722671E97300CF3FE4 /* FilterTableViewController.swift */ = {isa = PBXFileReference; lastKnownFileType = sourcecode.swift; path = FilterTableViewController.swift; sourceTree = "<group>"; };
		D49B78742671F4FB00CF3FE4 /* UIButton + Extension.swift */ = {isa = PBXFileReference; lastKnownFileType = sourcecode.swift; path = "UIButton + Extension.swift"; sourceTree = "<group>"; };
		D49B78762673299400CF3FE4 /* IssueViewController.swift */ = {isa = PBXFileReference; lastKnownFileType = sourcecode.swift; path = IssueViewController.swift; sourceTree = "<group>"; };
		D49B78782673313B00CF3FE4 /* AddingIssueViewController.swift */ = {isa = PBXFileReference; lastKnownFileType = sourcecode.swift; path = AddingIssueViewController.swift; sourceTree = "<group>"; };
		D49B787A2673479C00CF3FE4 /* AdditionalInformationCell.swift */ = {isa = PBXFileReference; lastKnownFileType = sourcecode.swift; path = AdditionalInformationCell.swift; sourceTree = "<group>"; };
		D49B787C2673586E00CF3FE4 /* IssueSelectViewController.swift */ = {isa = PBXFileReference; lastKnownFileType = sourcecode.swift; path = IssueSelectViewController.swift; sourceTree = "<group>"; };
		D49B78802676216B00CF3FE4 /* Issue.swift */ = {isa = PBXFileReference; lastKnownFileType = sourcecode.swift; path = Issue.swift; sourceTree = "<group>"; };
		D49B7882267622A500CF3FE4 /* Assignment.swift */ = {isa = PBXFileReference; lastKnownFileType = sourcecode.swift; path = Assignment.swift; sourceTree = "<group>"; };
		D49B7884267622CF00CF3FE4 /* Label.swift */ = {isa = PBXFileReference; lastKnownFileType = sourcecode.swift; path = Label.swift; sourceTree = "<group>"; };
		D49B7886267622D800CF3FE4 /* Milestone.swift */ = {isa = PBXFileReference; lastKnownFileType = sourcecode.swift; path = Milestone.swift; sourceTree = "<group>"; };
/* End PBXFileReference section */

/* Begin PBXFrameworksBuildPhase section */
		D49B7848266F0D0200CF3FE4 /* Frameworks */ = {
			isa = PBXFrameworksBuildPhase;
			buildActionMask = 2147483647;
			files = (
			);
			runOnlyForDeploymentPostprocessing = 0;
		};
/* End PBXFrameworksBuildPhase section */

/* Begin PBXGroup section */
		D49B7842266F0D0200CF3FE4 = {
			isa = PBXGroup;
			children = (
				D49B784D266F0D0200CF3FE4 /* Issue-Trackker */,
				D49B784C266F0D0200CF3FE4 /* Products */,
			);
			sourceTree = "<group>";
		};
		D49B784C266F0D0200CF3FE4 /* Products */ = {
			isa = PBXGroup;
			children = (
				D49B784B266F0D0200CF3FE4 /* Issue-Trackker.app */,
			);
			name = Products;
			sourceTree = "<group>";
		};
		D49B784D266F0D0200CF3FE4 /* Issue-Trackker */ = {
			isa = PBXGroup;
			children = (
				D49B786F2670AED100CF3FE4 /* LifeCycle */,
				D49B786D2670AEC000CF3FE4 /* Controller */,
				D49B786C2670AEBA00CF3FE4 /* View */,
				D49B786B2670AEB500CF3FE4 /* Model */,
				D49B786A2670AEA700CF3FE4 /* Extension */,
				D49B7854266F0D0200CF3FE4 /* Main.storyboard */,
				D49B7862266F6C4B00CF3FE4 /* Issue.storyboard */,
				D49B7857266F0D0400CF3FE4 /* Assets.xcassets */,
				D49B7859266F0D0400CF3FE4 /* LaunchScreen.storyboard */,
				D49B785C266F0D0400CF3FE4 /* Info.plist */,
			);
			path = "Issue-Trackker";
			sourceTree = "<group>";
		};
		D49B786A2670AEA700CF3FE4 /* Extension */ = {
			isa = PBXGroup;
			children = (
				D49B78682670AD9900CF3FE4 /* PaddingLabel.swift */,
				D49B78742671F4FB00CF3FE4 /* UIButton + Extension.swift */,
			);
			path = Extension;
			sourceTree = "<group>";
		};
		D49B786B2670AEB500CF3FE4 /* Model */ = {
			isa = PBXGroup;
			children = (
				D49B787E2676214A00CF3FE4 /* Data */,
			);
			path = Model;
			sourceTree = "<group>";
		};
		D49B786C2670AEBA00CF3FE4 /* View */ = {
			isa = PBXGroup;
			children = (
				D49B78662670A67400CF3FE4 /* IssueCell.swift */,
				D49B787A2673479C00CF3FE4 /* AdditionalInformationCell.swift */,
			);
			path = View;
			sourceTree = "<group>";
		};
		D49B786D2670AEC000CF3FE4 /* Controller */ = {
			isa = PBXGroup;
			children = (
				D49B7852266F0D0200CF3FE4 /* SignInViewController.swift */,
				D49B78762673299400CF3FE4 /* IssueViewController.swift */,
				D49B78722671E97300CF3FE4 /* FilterTableViewController.swift */,
				D49B78782673313B00CF3FE4 /* AddingIssueViewController.swift */,
				D49B787C2673586E00CF3FE4 /* IssueSelectViewController.swift */,
			);
			path = Controller;
			sourceTree = "<group>";
		};
		D49B786F2670AED100CF3FE4 /* LifeCycle */ = {
			isa = PBXGroup;
			children = (
				D49B784E266F0D0200CF3FE4 /* AppDelegate.swift */,
				D49B7850266F0D0200CF3FE4 /* SceneDelegate.swift */,
			);
			path = LifeCycle;
			sourceTree = "<group>";
		};
		D49B787E2676214A00CF3FE4 /* Data */ = {
			isa = PBXGroup;
			children = (
				D49B78802676216B00CF3FE4 /* Issue.swift */,
				D49B7882267622A500CF3FE4 /* Assignment.swift */,
				D49B7884267622CF00CF3FE4 /* Label.swift */,
				D49B7886267622D800CF3FE4 /* Milestone.swift */,
			);
			path = Data;
			sourceTree = "<group>";
		};
/* End PBXGroup section */

/* Begin PBXNativeTarget section */
		D49B784A266F0D0200CF3FE4 /* Issue-Trackker */ = {
			isa = PBXNativeTarget;
			buildConfigurationList = D49B785F266F0D0400CF3FE4 /* Build configuration list for PBXNativeTarget "Issue-Trackker" */;
			buildPhases = (
				D49B7847266F0D0200CF3FE4 /* Sources */,
				D49B7848266F0D0200CF3FE4 /* Frameworks */,
				D49B7849266F0D0200CF3FE4 /* Resources */,
			);
			buildRules = (
			);
			dependencies = (
			);
			name = "Issue-Trackker";
			productName = "Issue-Trackker";
			productReference = D49B784B266F0D0200CF3FE4 /* Issue-Trackker.app */;
			productType = "com.apple.product-type.application";
		};
/* End PBXNativeTarget section */

/* Begin PBXProject section */
		D49B7843266F0D0200CF3FE4 /* Project object */ = {
			isa = PBXProject;
			attributes = {
				LastSwiftUpdateCheck = 1250;
				LastUpgradeCheck = 1250;
				TargetAttributes = {
					D49B784A266F0D0200CF3FE4 = {
						CreatedOnToolsVersion = 12.5;
					};
				};
			};
			buildConfigurationList = D49B7846266F0D0200CF3FE4 /* Build configuration list for PBXProject "Issue-Trackker" */;
			compatibilityVersion = "Xcode 9.3";
			developmentRegion = en;
			hasScannedForEncodings = 0;
			knownRegions = (
				en,
				Base,
			);
			mainGroup = D49B7842266F0D0200CF3FE4;
			productRefGroup = D49B784C266F0D0200CF3FE4 /* Products */;
			projectDirPath = "";
			projectRoot = "";
			targets = (
				D49B784A266F0D0200CF3FE4 /* Issue-Trackker */,
			);
		};
/* End PBXProject section */

/* Begin PBXResourcesBuildPhase section */
		D49B7849266F0D0200CF3FE4 /* Resources */ = {
			isa = PBXResourcesBuildPhase;
			buildActionMask = 2147483647;
			files = (
				D49B7863266F6C4B00CF3FE4 /* Issue.storyboard in Resources */,
				D49B785B266F0D0400CF3FE4 /* LaunchScreen.storyboard in Resources */,
				D49B7858266F0D0400CF3FE4 /* Assets.xcassets in Resources */,
				D49B7856266F0D0200CF3FE4 /* Main.storyboard in Resources */,
			);
			runOnlyForDeploymentPostprocessing = 0;
		};
/* End PBXResourcesBuildPhase section */

/* Begin PBXSourcesBuildPhase section */
		D49B7847266F0D0200CF3FE4 /* Sources */ = {
			isa = PBXSourcesBuildPhase;
			buildActionMask = 2147483647;
			files = (
				D49B78692670AD9900CF3FE4 /* PaddingLabel.swift in Sources */,
				D49B78672670A67400CF3FE4 /* IssueCell.swift in Sources */,
				D49B7853266F0D0200CF3FE4 /* SignInViewController.swift in Sources */,
				D49B7887267622D800CF3FE4 /* Milestone.swift in Sources */,
				D49B78732671E97300CF3FE4 /* FilterTableViewController.swift in Sources */,
				D49B78772673299400CF3FE4 /* IssueViewController.swift in Sources */,
				D49B787B2673479C00CF3FE4 /* AdditionalInformationCell.swift in Sources */,
				D49B784F266F0D0200CF3FE4 /* AppDelegate.swift in Sources */,
				D49B787D2673586F00CF3FE4 /* IssueSelectViewController.swift in Sources */,
				D49B7851266F0D0200CF3FE4 /* SceneDelegate.swift in Sources */,
				D49B78792673313B00CF3FE4 /* AddingIssueViewController.swift in Sources */,
				D49B7883267622A500CF3FE4 /* Assignment.swift in Sources */,
				D49B78752671F4FB00CF3FE4 /* UIButton + Extension.swift in Sources */,
				D49B7885267622CF00CF3FE4 /* Label.swift in Sources */,
				D49B78812676216B00CF3FE4 /* Issue.swift in Sources */,
			);
			runOnlyForDeploymentPostprocessing = 0;
		};
/* End PBXSourcesBuildPhase section */

/* Begin PBXVariantGroup section */
		D49B7854266F0D0200CF3FE4 /* Main.storyboard */ = {
			isa = PBXVariantGroup;
			children = (
				D49B7855266F0D0200CF3FE4 /* Base */,
			);
			name = Main.storyboard;
			sourceTree = "<group>";
		};
		D49B7859266F0D0400CF3FE4 /* LaunchScreen.storyboard */ = {
			isa = PBXVariantGroup;
			children = (
				D49B785A266F0D0400CF3FE4 /* Base */,
			);
			name = LaunchScreen.storyboard;
			sourceTree = "<group>";
		};
/* End PBXVariantGroup section */

/* Begin XCBuildConfiguration section */
		D49B785D266F0D0400CF3FE4 /* Debug */ = {
			isa = XCBuildConfiguration;
			buildSettings = {
				ALWAYS_SEARCH_USER_PATHS = NO;
				CLANG_ANALYZER_NONNULL = YES;
				CLANG_ANALYZER_NUMBER_OBJECT_CONVERSION = YES_AGGRESSIVE;
				CLANG_CXX_LANGUAGE_STANDARD = "gnu++14";
				CLANG_CXX_LIBRARY = "libc++";
				CLANG_ENABLE_MODULES = YES;
				CLANG_ENABLE_OBJC_ARC = YES;
				CLANG_ENABLE_OBJC_WEAK = YES;
				CLANG_WARN_BLOCK_CAPTURE_AUTORELEASING = YES;
				CLANG_WARN_BOOL_CONVERSION = YES;
				CLANG_WARN_COMMA = YES;
				CLANG_WARN_CONSTANT_CONVERSION = YES;
				CLANG_WARN_DEPRECATED_OBJC_IMPLEMENTATIONS = YES;
				CLANG_WARN_DIRECT_OBJC_ISA_USAGE = YES_ERROR;
				CLANG_WARN_DOCUMENTATION_COMMENTS = YES;
				CLANG_WARN_EMPTY_BODY = YES;
				CLANG_WARN_ENUM_CONVERSION = YES;
				CLANG_WARN_INFINITE_RECURSION = YES;
				CLANG_WARN_INT_CONVERSION = YES;
				CLANG_WARN_NON_LITERAL_NULL_CONVERSION = YES;
				CLANG_WARN_OBJC_IMPLICIT_RETAIN_SELF = YES;
				CLANG_WARN_OBJC_LITERAL_CONVERSION = YES;
				CLANG_WARN_OBJC_ROOT_CLASS = YES_ERROR;
				CLANG_WARN_QUOTED_INCLUDE_IN_FRAMEWORK_HEADER = YES;
				CLANG_WARN_RANGE_LOOP_ANALYSIS = YES;
				CLANG_WARN_STRICT_PROTOTYPES = YES;
				CLANG_WARN_SUSPICIOUS_MOVE = YES;
				CLANG_WARN_UNGUARDED_AVAILABILITY = YES_AGGRESSIVE;
				CLANG_WARN_UNREACHABLE_CODE = YES;
				CLANG_WARN__DUPLICATE_METHOD_MATCH = YES;
				COPY_PHASE_STRIP = NO;
				DEBUG_INFORMATION_FORMAT = dwarf;
				ENABLE_STRICT_OBJC_MSGSEND = YES;
				ENABLE_TESTABILITY = YES;
				GCC_C_LANGUAGE_STANDARD = gnu11;
				GCC_DYNAMIC_NO_PIC = NO;
				GCC_NO_COMMON_BLOCKS = YES;
				GCC_OPTIMIZATION_LEVEL = 0;
				GCC_PREPROCESSOR_DEFINITIONS = (
					"DEBUG=1",
					"$(inherited)",
				);
				GCC_WARN_64_TO_32_BIT_CONVERSION = YES;
				GCC_WARN_ABOUT_RETURN_TYPE = YES_ERROR;
				GCC_WARN_UNDECLARED_SELECTOR = YES;
				GCC_WARN_UNINITIALIZED_AUTOS = YES_AGGRESSIVE;
				GCC_WARN_UNUSED_FUNCTION = YES;
				GCC_WARN_UNUSED_VARIABLE = YES;
				IPHONEOS_DEPLOYMENT_TARGET = 14.5;
				MTL_ENABLE_DEBUG_INFO = INCLUDE_SOURCE;
				MTL_FAST_MATH = YES;
				ONLY_ACTIVE_ARCH = YES;
				SDKROOT = iphoneos;
				SWIFT_ACTIVE_COMPILATION_CONDITIONS = DEBUG;
				SWIFT_OPTIMIZATION_LEVEL = "-Onone";
			};
			name = Debug;
		};
		D49B785E266F0D0400CF3FE4 /* Release */ = {
			isa = XCBuildConfiguration;
			buildSettings = {
				ALWAYS_SEARCH_USER_PATHS = NO;
				CLANG_ANALYZER_NONNULL = YES;
				CLANG_ANALYZER_NUMBER_OBJECT_CONVERSION = YES_AGGRESSIVE;
				CLANG_CXX_LANGUAGE_STANDARD = "gnu++14";
				CLANG_CXX_LIBRARY = "libc++";
				CLANG_ENABLE_MODULES = YES;
				CLANG_ENABLE_OBJC_ARC = YES;
				CLANG_ENABLE_OBJC_WEAK = YES;
				CLANG_WARN_BLOCK_CAPTURE_AUTORELEASING = YES;
				CLANG_WARN_BOOL_CONVERSION = YES;
				CLANG_WARN_COMMA = YES;
				CLANG_WARN_CONSTANT_CONVERSION = YES;
				CLANG_WARN_DEPRECATED_OBJC_IMPLEMENTATIONS = YES;
				CLANG_WARN_DIRECT_OBJC_ISA_USAGE = YES_ERROR;
				CLANG_WARN_DOCUMENTATION_COMMENTS = YES;
				CLANG_WARN_EMPTY_BODY = YES;
				CLANG_WARN_ENUM_CONVERSION = YES;
				CLANG_WARN_INFINITE_RECURSION = YES;
				CLANG_WARN_INT_CONVERSION = YES;
				CLANG_WARN_NON_LITERAL_NULL_CONVERSION = YES;
				CLANG_WARN_OBJC_IMPLICIT_RETAIN_SELF = YES;
				CLANG_WARN_OBJC_LITERAL_CONVERSION = YES;
				CLANG_WARN_OBJC_ROOT_CLASS = YES_ERROR;
				CLANG_WARN_QUOTED_INCLUDE_IN_FRAMEWORK_HEADER = YES;
				CLANG_WARN_RANGE_LOOP_ANALYSIS = YES;
				CLANG_WARN_STRICT_PROTOTYPES = YES;
				CLANG_WARN_SUSPICIOUS_MOVE = YES;
				CLANG_WARN_UNGUARDED_AVAILABILITY = YES_AGGRESSIVE;
				CLANG_WARN_UNREACHABLE_CODE = YES;
				CLANG_WARN__DUPLICATE_METHOD_MATCH = YES;
				COPY_PHASE_STRIP = NO;
				DEBUG_INFORMATION_FORMAT = "dwarf-with-dsym";
				ENABLE_NS_ASSERTIONS = NO;
				ENABLE_STRICT_OBJC_MSGSEND = YES;
				GCC_C_LANGUAGE_STANDARD = gnu11;
				GCC_NO_COMMON_BLOCKS = YES;
				GCC_WARN_64_TO_32_BIT_CONVERSION = YES;
				GCC_WARN_ABOUT_RETURN_TYPE = YES_ERROR;
				GCC_WARN_UNDECLARED_SELECTOR = YES;
				GCC_WARN_UNINITIALIZED_AUTOS = YES_AGGRESSIVE;
				GCC_WARN_UNUSED_FUNCTION = YES;
				GCC_WARN_UNUSED_VARIABLE = YES;
				IPHONEOS_DEPLOYMENT_TARGET = 14.5;
				MTL_ENABLE_DEBUG_INFO = NO;
				MTL_FAST_MATH = YES;
				SDKROOT = iphoneos;
				SWIFT_COMPILATION_MODE = wholemodule;
				SWIFT_OPTIMIZATION_LEVEL = "-O";
				VALIDATE_PRODUCT = YES;
			};
			name = Release;
		};
		D49B7860266F0D0400CF3FE4 /* Debug */ = {
			isa = XCBuildConfiguration;
			buildSettings = {
				ASSETCATALOG_COMPILER_APPICON_NAME = AppIcon;
				ASSETCATALOG_COMPILER_GLOBAL_ACCENT_COLOR_NAME = AccentColor;
				CODE_SIGN_STYLE = Automatic;
				DEVELOPMENT_TEAM = B3PWYBKFUK;
				INFOPLIST_FILE = "Issue-Trackker/Info.plist";
				LD_RUNPATH_SEARCH_PATHS = (
					"$(inherited)",
					"@executable_path/Frameworks",
				);
				PRODUCT_BUNDLE_IDENTIFIER = "com.Issue-Trackker";
				PRODUCT_NAME = "$(TARGET_NAME)";
				SWIFT_VERSION = 5.0;
				TARGETED_DEVICE_FAMILY = "1,2";
			};
			name = Debug;
		};
		D49B7861266F0D0400CF3FE4 /* Release */ = {
			isa = XCBuildConfiguration;
			buildSettings = {
				ASSETCATALOG_COMPILER_APPICON_NAME = AppIcon;
				ASSETCATALOG_COMPILER_GLOBAL_ACCENT_COLOR_NAME = AccentColor;
				CODE_SIGN_STYLE = Automatic;
				DEVELOPMENT_TEAM = B3PWYBKFUK;
				INFOPLIST_FILE = "Issue-Trackker/Info.plist";
				LD_RUNPATH_SEARCH_PATHS = (
					"$(inherited)",
					"@executable_path/Frameworks",
				);
				PRODUCT_BUNDLE_IDENTIFIER = "com.Issue-Trackker";
				PRODUCT_NAME = "$(TARGET_NAME)";
				SWIFT_VERSION = 5.0;
				TARGETED_DEVICE_FAMILY = "1,2";
			};
			name = Release;
		};
/* End XCBuildConfiguration section */

/* Begin XCConfigurationList section */
		D49B7846266F0D0200CF3FE4 /* Build configuration list for PBXProject "Issue-Trackker" */ = {
			isa = XCConfigurationList;
			buildConfigurations = (
				D49B785D266F0D0400CF3FE4 /* Debug */,
				D49B785E266F0D0400CF3FE4 /* Release */,
			);
			defaultConfigurationIsVisible = 0;
			defaultConfigurationName = Release;
		};
		D49B785F266F0D0400CF3FE4 /* Build configuration list for PBXNativeTarget "Issue-Trackker" */ = {
			isa = XCConfigurationList;
			buildConfigurations = (
				D49B7860266F0D0400CF3FE4 /* Debug */,
				D49B7861266F0D0400CF3FE4 /* Release */,
			);
			defaultConfigurationIsVisible = 0;
			defaultConfigurationName = Release;
		};
/* End XCConfigurationList section */
	};
	rootObject = D49B7843266F0D0200CF3FE4 /* Project object */;
}
