// !$*UTF8*$!
{
	archiveVersion = 1;
	classes = {
	};
	objectVersion = 52;
	objects = {

/* Begin PBXBuildFile section */
		7105555D266F36650072065E /* FilterIssueViewController.swift in Sources */ = {isa = PBXBuildFile; fileRef = 7105555C266F36650072065E /* FilterIssueViewController.swift */; };
		71055560266F36FD0072065E /* Constant.swift in Sources */ = {isa = PBXBuildFile; fileRef = 7105555F266F36FD0072065E /* Constant.swift */; };
		7123D3FF266F2431009C959B /* IssueListViewController.swift in Sources */ = {isa = PBXBuildFile; fileRef = 7123D3FE266F2431009C959B /* IssueListViewController.swift */; };
		71377D1E266E458000DB1C4D /* AppDelegate.swift in Sources */ = {isa = PBXBuildFile; fileRef = 71377D1D266E458000DB1C4D /* AppDelegate.swift */; };
		71377D20266E458000DB1C4D /* SceneDelegate.swift in Sources */ = {isa = PBXBuildFile; fileRef = 71377D1F266E458000DB1C4D /* SceneDelegate.swift */; };
		71377D22266E458000DB1C4D /* LoginViewController.swift in Sources */ = {isa = PBXBuildFile; fileRef = 71377D21266E458000DB1C4D /* LoginViewController.swift */; };
		71377D25266E458000DB1C4D /* Main.storyboard in Resources */ = {isa = PBXBuildFile; fileRef = 71377D23266E458000DB1C4D /* Main.storyboard */; };
		71377D27266E458100DB1C4D /* Assets.xcassets in Resources */ = {isa = PBXBuildFile; fileRef = 71377D26266E458100DB1C4D /* Assets.xcassets */; };
		71377D2A266E458100DB1C4D /* LaunchScreen.storyboard in Resources */ = {isa = PBXBuildFile; fileRef = 71377D28266E458100DB1C4D /* LaunchScreen.storyboard */; };
		71377D33266E47AC00DB1C4D /* OctoKit in Frameworks */ = {isa = PBXBuildFile; productRef = 71377D32266E47AC00DB1C4D /* OctoKit */; };
		71928E7F2671C06200847111 /* LoginManager.swift in Sources */ = {isa = PBXBuildFile; fileRef = 71928E7E2671C06200847111 /* LoginManager.swift */; };
		71928E852671C4D300847111 /* LoginDTO.swift in Sources */ = {isa = PBXBuildFile; fileRef = 71928E842671C4D300847111 /* LoginDTO.swift */; };
		71928E872671CA6E00847111 /* LoginObserver.swift in Sources */ = {isa = PBXBuildFile; fileRef = 71928E862671CA6E00847111 /* LoginObserver.swift */; };
		71928E8B2671CFD900847111 /* RedirectionViewController.swift in Sources */ = {isa = PBXBuildFile; fileRef = 71928E8A2671CFD900847111 /* RedirectionViewController.swift */; };
		71928E8D2671DEDA00847111 /* Assignee.swift in Sources */ = {isa = PBXBuildFile; fileRef = 71928E8C2671DEDA00847111 /* Assignee.swift */; };
		71928E8F2671DF2800847111 /* Label.swift in Sources */ = {isa = PBXBuildFile; fileRef = 71928E8E2671DF2800847111 /* Label.swift */; };
		71B040F526732B82008819E8 /* FilterList.swift in Sources */ = {isa = PBXBuildFile; fileRef = 71B040F426732B82008819E8 /* FilterList.swift */; };
		71B040F726732DEA008819E8 /* FilterViewModel.swift in Sources */ = {isa = PBXBuildFile; fileRef = 71B040F626732DEA008819E8 /* FilterViewModel.swift */; };
		71B040F926732EE7008819E8 /* FilterMemoryStorage.swift in Sources */ = {isa = PBXBuildFile; fileRef = 71B040F826732EE7008819E8 /* FilterMemoryStorage.swift */; };
		71B040FB26733BF8008819E8 /* FilterCell.swift in Sources */ = {isa = PBXBuildFile; fileRef = 71B040FA26733BF8008819E8 /* FilterCell.swift */; };
		71B231722674993A0026C272 /* LabelView.swift in Sources */ = {isa = PBXBuildFile; fileRef = 71B231712674993A0026C272 /* LabelView.swift */; };
		71FCE19C2670ABD60044038E /* APIService.swift in Sources */ = {isa = PBXBuildFile; fileRef = 71FCE19B2670ABD60044038E /* APIService.swift */; };
		71FCE1A02670AC540044038E /* IssueDTO.swift in Sources */ = {isa = PBXBuildFile; fileRef = 71FCE19F2670AC540044038E /* IssueDTO.swift */; };
		71FCE1A62670B2880044038E /* IssueMemoryStorage.swift in Sources */ = {isa = PBXBuildFile; fileRef = 71FCE1A52670B2880044038E /* IssueMemoryStorage.swift */; };
		71FCE1A92670B2A30044038E /* IssueListViewModel.swift in Sources */ = {isa = PBXBuildFile; fileRef = 71FCE1A82670B2A30044038E /* IssueListViewModel.swift */; };
		71FCE1AF2670BE440044038E /* Issue.swift in Sources */ = {isa = PBXBuildFile; fileRef = 71FCE1AE2670BE440044038E /* Issue.swift */; };
		71FCE1B42670D3B30044038E /* IssueCell.swift in Sources */ = {isa = PBXBuildFile; fileRef = 71FCE1B32670D3B30044038E /* IssueCell.swift */; };
		C3B8DAD5620CB1718E122CFA /* Pods_IssueTracker.framework in Frameworks */ = {isa = PBXBuildFile; fileRef = 81F546D74CA5B1CFA28C96AD /* Pods_IssueTracker.framework */; };
/* End PBXBuildFile section */

/* Begin PBXFileReference section */
		0BD2EE732C85DCCFB3400CDE /* Pods-IssueTracker.release.xcconfig */ = {isa = PBXFileReference; includeInIndex = 1; lastKnownFileType = text.xcconfig; name = "Pods-IssueTracker.release.xcconfig"; path = "Target Support Files/Pods-IssueTracker/Pods-IssueTracker.release.xcconfig"; sourceTree = "<group>"; };
		7105555C266F36650072065E /* FilterIssueViewController.swift */ = {isa = PBXFileReference; lastKnownFileType = sourcecode.swift; path = FilterIssueViewController.swift; sourceTree = "<group>"; };
		7105555F266F36FD0072065E /* Constant.swift */ = {isa = PBXFileReference; lastKnownFileType = sourcecode.swift; path = Constant.swift; sourceTree = "<group>"; };
		7123D3FE266F2431009C959B /* IssueListViewController.swift */ = {isa = PBXFileReference; lastKnownFileType = sourcecode.swift; path = IssueListViewController.swift; sourceTree = "<group>"; };
		71377D1A266E458000DB1C4D /* IssueTracker.app */ = {isa = PBXFileReference; explicitFileType = wrapper.application; includeInIndex = 0; path = IssueTracker.app; sourceTree = BUILT_PRODUCTS_DIR; };
		71377D1D266E458000DB1C4D /* AppDelegate.swift */ = {isa = PBXFileReference; lastKnownFileType = sourcecode.swift; path = AppDelegate.swift; sourceTree = "<group>"; };
		71377D1F266E458000DB1C4D /* SceneDelegate.swift */ = {isa = PBXFileReference; lastKnownFileType = sourcecode.swift; path = SceneDelegate.swift; sourceTree = "<group>"; };
		71377D21266E458000DB1C4D /* LoginViewController.swift */ = {isa = PBXFileReference; lastKnownFileType = sourcecode.swift; path = LoginViewController.swift; sourceTree = "<group>"; };
		71377D24266E458000DB1C4D /* Base */ = {isa = PBXFileReference; lastKnownFileType = file.storyboard; name = Base; path = Base.lproj/Main.storyboard; sourceTree = "<group>"; };
		71377D26266E458100DB1C4D /* Assets.xcassets */ = {isa = PBXFileReference; lastKnownFileType = folder.assetcatalog; path = Assets.xcassets; sourceTree = "<group>"; };
		71377D29266E458100DB1C4D /* Base */ = {isa = PBXFileReference; lastKnownFileType = file.storyboard; name = Base; path = Base.lproj/LaunchScreen.storyboard; sourceTree = "<group>"; };
		71377D2B266E458100DB1C4D /* Info.plist */ = {isa = PBXFileReference; lastKnownFileType = text.plist.xml; path = Info.plist; sourceTree = "<group>"; };
		71928E7E2671C06200847111 /* LoginManager.swift */ = {isa = PBXFileReference; lastKnownFileType = sourcecode.swift; path = LoginManager.swift; sourceTree = "<group>"; };
		71928E842671C4D300847111 /* LoginDTO.swift */ = {isa = PBXFileReference; lastKnownFileType = sourcecode.swift; path = LoginDTO.swift; sourceTree = "<group>"; };
		71928E862671CA6E00847111 /* LoginObserver.swift */ = {isa = PBXFileReference; lastKnownFileType = sourcecode.swift; path = LoginObserver.swift; sourceTree = "<group>"; };
		71928E8A2671CFD900847111 /* RedirectionViewController.swift */ = {isa = PBXFileReference; lastKnownFileType = sourcecode.swift; path = RedirectionViewController.swift; sourceTree = "<group>"; };
		71928E8C2671DEDA00847111 /* Assignee.swift */ = {isa = PBXFileReference; lastKnownFileType = sourcecode.swift; path = Assignee.swift; sourceTree = "<group>"; };
		71928E8E2671DF2800847111 /* Label.swift */ = {isa = PBXFileReference; lastKnownFileType = sourcecode.swift; path = Label.swift; sourceTree = "<group>"; };
		71B040F426732B82008819E8 /* FilterList.swift */ = {isa = PBXFileReference; lastKnownFileType = sourcecode.swift; path = FilterList.swift; sourceTree = "<group>"; };
		71B040F626732DEA008819E8 /* FilterViewModel.swift */ = {isa = PBXFileReference; lastKnownFileType = sourcecode.swift; path = FilterViewModel.swift; sourceTree = "<group>"; };
		71B040F826732EE7008819E8 /* FilterMemoryStorage.swift */ = {isa = PBXFileReference; lastKnownFileType = sourcecode.swift; path = FilterMemoryStorage.swift; sourceTree = "<group>"; };
		71B040FA26733BF8008819E8 /* FilterCell.swift */ = {isa = PBXFileReference; lastKnownFileType = sourcecode.swift; path = FilterCell.swift; sourceTree = "<group>"; };
		71B231712674993A0026C272 /* LabelView.swift */ = {isa = PBXFileReference; lastKnownFileType = sourcecode.swift; path = LabelView.swift; sourceTree = "<group>"; };
		71FCE19B2670ABD60044038E /* APIService.swift */ = {isa = PBXFileReference; lastKnownFileType = sourcecode.swift; path = APIService.swift; sourceTree = "<group>"; };
		71FCE19F2670AC540044038E /* IssueDTO.swift */ = {isa = PBXFileReference; lastKnownFileType = sourcecode.swift; path = IssueDTO.swift; sourceTree = "<group>"; };
		71FCE1A52670B2880044038E /* IssueMemoryStorage.swift */ = {isa = PBXFileReference; lastKnownFileType = sourcecode.swift; path = IssueMemoryStorage.swift; sourceTree = "<group>"; };
		71FCE1A82670B2A30044038E /* IssueListViewModel.swift */ = {isa = PBXFileReference; lastKnownFileType = sourcecode.swift; path = IssueListViewModel.swift; sourceTree = "<group>"; };
		71FCE1AE2670BE440044038E /* Issue.swift */ = {isa = PBXFileReference; lastKnownFileType = sourcecode.swift; path = Issue.swift; sourceTree = "<group>"; };
		71FCE1B32670D3B30044038E /* IssueCell.swift */ = {isa = PBXFileReference; lastKnownFileType = sourcecode.swift; path = IssueCell.swift; sourceTree = "<group>"; };
		81F546D74CA5B1CFA28C96AD /* Pods_IssueTracker.framework */ = {isa = PBXFileReference; explicitFileType = wrapper.framework; includeInIndex = 0; path = Pods_IssueTracker.framework; sourceTree = BUILT_PRODUCTS_DIR; };
		C617ED888C881C2FD8566BFB /* Pods-IssueTracker.debug.xcconfig */ = {isa = PBXFileReference; includeInIndex = 1; lastKnownFileType = text.xcconfig; name = "Pods-IssueTracker.debug.xcconfig"; path = "Target Support Files/Pods-IssueTracker/Pods-IssueTracker.debug.xcconfig"; sourceTree = "<group>"; };
/* End PBXFileReference section */

/* Begin PBXFrameworksBuildPhase section */
		71377D17266E458000DB1C4D /* Frameworks */ = {
			isa = PBXFrameworksBuildPhase;
			buildActionMask = 2147483647;
			files = (
				71377D33266E47AC00DB1C4D /* OctoKit in Frameworks */,
				C3B8DAD5620CB1718E122CFA /* Pods_IssueTracker.framework in Frameworks */,
			);
			runOnlyForDeploymentPostprocessing = 0;
		};
/* End PBXFrameworksBuildPhase section */

/* Begin PBXGroup section */
		28167580070202455333F8B5 /* Frameworks */ = {
			isa = PBXGroup;
			children = (
				81F546D74CA5B1CFA28C96AD /* Pods_IssueTracker.framework */,
			);
			name = Frameworks;
			sourceTree = "<group>";
		};
		7123D3F6266F0733009C959B /* Presenter */ = {
			isa = PBXGroup;
			children = (
				71FCE1B22670D3A80044038E /* View */,
				7123D3F9266F0758009C959B /* Supports */,
				7123D3F8266F074F009C959B /* Delegate */,
				7123D3F7266F0744009C959B /* Controller */,
			);
			path = Presenter;
			sourceTree = "<group>";
		};
		7123D3F7266F0744009C959B /* Controller */ = {
			isa = PBXGroup;
			children = (
				71377D21266E458000DB1C4D /* LoginViewController.swift */,
				7123D3FE266F2431009C959B /* IssueListViewController.swift */,
				7105555C266F36650072065E /* FilterIssueViewController.swift */,
				71928E8A2671CFD900847111 /* RedirectionViewController.swift */,
			);
			path = Controller;
			sourceTree = "<group>";
		};
		7123D3F8266F074F009C959B /* Delegate */ = {
			isa = PBXGroup;
			children = (
				71377D1D266E458000DB1C4D /* AppDelegate.swift */,
				71377D1F266E458000DB1C4D /* SceneDelegate.swift */,
			);
			path = Delegate;
			sourceTree = "<group>";
		};
		7123D3F9266F0758009C959B /* Supports */ = {
			isa = PBXGroup;
			children = (
				71377D23266E458000DB1C4D /* Main.storyboard */,
				71377D28266E458100DB1C4D /* LaunchScreen.storyboard */,
			);
			path = Supports;
			sourceTree = "<group>";
		};
		71377D11266E458000DB1C4D = {
			isa = PBXGroup;
			children = (
				71377D1C266E458000DB1C4D /* IssueTracker */,
				71377D1B266E458000DB1C4D /* Products */,
				760666D006709C46B8C9828D /* Pods */,
				28167580070202455333F8B5 /* Frameworks */,
			);
			sourceTree = "<group>";
		};
		71377D1B266E458000DB1C4D /* Products */ = {
			isa = PBXGroup;
			children = (
				71377D1A266E458000DB1C4D /* IssueTracker.app */,
			);
			name = Products;
			sourceTree = "<group>";
		};
		71377D1C266E458000DB1C4D /* IssueTracker */ = {
			isa = PBXGroup;
			children = (
				71FCE1AD2670BE3A0044038E /* Model */,
				71FCE1A72670B2960044038E /* ViewModel */,
				71FCE1A12670B1900044038E /* UseCase */,
				71FCE1992670ABB90044038E /* Service */,
				7123D3F6266F0733009C959B /* Presenter */,
				71377D26266E458100DB1C4D /* Assets.xcassets */,
				71377D2B266E458100DB1C4D /* Info.plist */,
			);
			path = IssueTracker;
			sourceTree = "<group>";
		};
		71FCE1992670ABB90044038E /* Service */ = {
			isa = PBXGroup;
			children = (
				71FCE19A2670ABC90044038E /* Network */,
				7105555F266F36FD0072065E /* Constant.swift */,
				71FCE19F2670AC540044038E /* IssueDTO.swift */,
				71928E842671C4D300847111 /* LoginDTO.swift */,
			);
			path = Service;
			sourceTree = "<group>";
		};
		71FCE19A2670ABC90044038E /* Network */ = {
			isa = PBXGroup;
			children = (
				71FCE19B2670ABD60044038E /* APIService.swift */,
				71928E7E2671C06200847111 /* LoginManager.swift */,
			);
			path = Network;
			sourceTree = "<group>";
		};
		71FCE1A12670B1900044038E /* UseCase */ = {
			isa = PBXGroup;
			children = (
				71FCE1A52670B2880044038E /* IssueMemoryStorage.swift */,
				71928E862671CA6E00847111 /* LoginObserver.swift */,
				71B040F826732EE7008819E8 /* FilterMemoryStorage.swift */,
			);
			path = UseCase;
			sourceTree = "<group>";
		};
		71FCE1A72670B2960044038E /* ViewModel */ = {
			isa = PBXGroup;
			children = (
				71FCE1A82670B2A30044038E /* IssueListViewModel.swift */,
				71B040F626732DEA008819E8 /* FilterViewModel.swift */,
			);
			path = ViewModel;
			sourceTree = "<group>";
		};
		71FCE1AD2670BE3A0044038E /* Model */ = {
			isa = PBXGroup;
			children = (
				71FCE1AE2670BE440044038E /* Issue.swift */,
				71928E8C2671DEDA00847111 /* Assignee.swift */,
				71928E8E2671DF2800847111 /* Label.swift */,
				71B040F426732B82008819E8 /* FilterList.swift */,
			);
			path = Model;
			sourceTree = "<group>";
		};
		71FCE1B22670D3A80044038E /* View */ = {
			isa = PBXGroup;
			children = (
				71FCE1B32670D3B30044038E /* IssueCell.swift */,
				71B040FA26733BF8008819E8 /* FilterCell.swift */,
				71B231712674993A0026C272 /* LabelView.swift */,
			);
			path = View;
			sourceTree = "<group>";
		};
		760666D006709C46B8C9828D /* Pods */ = {
			isa = PBXGroup;
			children = (
				C617ED888C881C2FD8566BFB /* Pods-IssueTracker.debug.xcconfig */,
				0BD2EE732C85DCCFB3400CDE /* Pods-IssueTracker.release.xcconfig */,
			);
			path = Pods;
			sourceTree = "<group>";
		};
/* End PBXGroup section */

/* Begin PBXNativeTarget section */
		71377D19266E458000DB1C4D /* IssueTracker */ = {
			isa = PBXNativeTarget;
			buildConfigurationList = 71377D2E266E458100DB1C4D /* Build configuration list for PBXNativeTarget "IssueTracker" */;
			buildPhases = (
				42F6C220B10D77B9B1AA0133 /* [CP] Check Pods Manifest.lock */,
				71377D16266E458000DB1C4D /* Sources */,
				71377D17266E458000DB1C4D /* Frameworks */,
				71377D18266E458000DB1C4D /* Resources */,
				C0908E64780D1E05BCEB0C42 /* [CP] Embed Pods Frameworks */,
			);
			buildRules = (
			);
			dependencies = (
			);
			name = IssueTracker;
			packageProductDependencies = (
				71377D32266E47AC00DB1C4D /* OctoKit */,
			);
			productName = IssueTracker;
			productReference = 71377D1A266E458000DB1C4D /* IssueTracker.app */;
			productType = "com.apple.product-type.application";
		};
/* End PBXNativeTarget section */

/* Begin PBXProject section */
		71377D12266E458000DB1C4D /* Project object */ = {
			isa = PBXProject;
			attributes = {
				LastSwiftUpdateCheck = 1250;
				LastUpgradeCheck = 1250;
				TargetAttributes = {
					71377D19266E458000DB1C4D = {
						CreatedOnToolsVersion = 12.5;
					};
				};
			};
			buildConfigurationList = 71377D15266E458000DB1C4D /* Build configuration list for PBXProject "IssueTracker" */;
			compatibilityVersion = "Xcode 9.3";
			developmentRegion = en;
			hasScannedForEncodings = 0;
			knownRegions = (
				en,
				Base,
			);
			mainGroup = 71377D11266E458000DB1C4D;
			packageReferences = (
				71377D31266E47AC00DB1C4D /* XCRemoteSwiftPackageReference "octokit.swift" */,
			);
			productRefGroup = 71377D1B266E458000DB1C4D /* Products */;
			projectDirPath = "";
			projectRoot = "";
			targets = (
				71377D19266E458000DB1C4D /* IssueTracker */,
			);
		};
/* End PBXProject section */

/* Begin PBXResourcesBuildPhase section */
		71377D18266E458000DB1C4D /* Resources */ = {
			isa = PBXResourcesBuildPhase;
			buildActionMask = 2147483647;
			files = (
				71377D2A266E458100DB1C4D /* LaunchScreen.storyboard in Resources */,
				71377D27266E458100DB1C4D /* Assets.xcassets in Resources */,
				71377D25266E458000DB1C4D /* Main.storyboard in Resources */,
			);
			runOnlyForDeploymentPostprocessing = 0;
		};
/* End PBXResourcesBuildPhase section */

/* Begin PBXShellScriptBuildPhase section */
		42F6C220B10D77B9B1AA0133 /* [CP] Check Pods Manifest.lock */ = {
			isa = PBXShellScriptBuildPhase;
			buildActionMask = 2147483647;
			files = (
			);
			inputFileListPaths = (
			);
			inputPaths = (
				"${PODS_PODFILE_DIR_PATH}/Podfile.lock",
				"${PODS_ROOT}/Manifest.lock",
			);
			name = "[CP] Check Pods Manifest.lock";
			outputFileListPaths = (
			);
			outputPaths = (
				"$(DERIVED_FILE_DIR)/Pods-IssueTracker-checkManifestLockResult.txt",
			);
			runOnlyForDeploymentPostprocessing = 0;
			shellPath = /bin/sh;
			shellScript = "diff \"${PODS_PODFILE_DIR_PATH}/Podfile.lock\" \"${PODS_ROOT}/Manifest.lock\" > /dev/null\nif [ $? != 0 ] ; then\n    # print error to STDERR\n    echo \"error: The sandbox is not in sync with the Podfile.lock. Run 'pod install' or update your CocoaPods installation.\" >&2\n    exit 1\nfi\n# This output is used by Xcode 'outputs' to avoid re-running this script phase.\necho \"SUCCESS\" > \"${SCRIPT_OUTPUT_FILE_0}\"\n";
			showEnvVarsInLog = 0;
		};
		C0908E64780D1E05BCEB0C42 /* [CP] Embed Pods Frameworks */ = {
			isa = PBXShellScriptBuildPhase;
			buildActionMask = 2147483647;
			files = (
			);
			inputFileListPaths = (
				"${PODS_ROOT}/Target Support Files/Pods-IssueTracker/Pods-IssueTracker-frameworks-${CONFIGURATION}-input-files.xcfilelist",
			);
			name = "[CP] Embed Pods Frameworks";
			outputFileListPaths = (
				"${PODS_ROOT}/Target Support Files/Pods-IssueTracker/Pods-IssueTracker-frameworks-${CONFIGURATION}-output-files.xcfilelist",
			);
			runOnlyForDeploymentPostprocessing = 0;
			shellPath = /bin/sh;
			shellScript = "\"${PODS_ROOT}/Target Support Files/Pods-IssueTracker/Pods-IssueTracker-frameworks.sh\"\n";
			showEnvVarsInLog = 0;
		};
/* End PBXShellScriptBuildPhase section */

/* Begin PBXSourcesBuildPhase section */
		71377D16266E458000DB1C4D /* Sources */ = {
			isa = PBXSourcesBuildPhase;
			buildActionMask = 2147483647;
			files = (
				7123D3FF266F2431009C959B /* IssueListViewController.swift in Sources */,
				71FCE1A02670AC540044038E /* IssueDTO.swift in Sources */,
				71928E872671CA6E00847111 /* LoginObserver.swift in Sources */,
				71928E8B2671CFD900847111 /* RedirectionViewController.swift in Sources */,
				71FCE19C2670ABD60044038E /* APIService.swift in Sources */,
				71377D22266E458000DB1C4D /* LoginViewController.swift in Sources */,
				71377D1E266E458000DB1C4D /* AppDelegate.swift in Sources */,
				71377D20266E458000DB1C4D /* SceneDelegate.swift in Sources */,
				71B040F726732DEA008819E8 /* FilterViewModel.swift in Sources */,
				71FCE1A62670B2880044038E /* IssueMemoryStorage.swift in Sources */,
				7105555D266F36650072065E /* FilterIssueViewController.swift in Sources */,
				71928E7F2671C06200847111 /* LoginManager.swift in Sources */,
				71FCE1A92670B2A30044038E /* IssueListViewModel.swift in Sources */,
				71FCE1B42670D3B30044038E /* IssueCell.swift in Sources */,
				71B231722674993A0026C272 /* LabelView.swift in Sources */,
				71B040FB26733BF8008819E8 /* FilterCell.swift in Sources */,
				71928E8F2671DF2800847111 /* Label.swift in Sources */,
				71055560266F36FD0072065E /* Constant.swift in Sources */,
				71B040F526732B82008819E8 /* FilterList.swift in Sources */,
				71928E852671C4D300847111 /* LoginDTO.swift in Sources */,
				71928E8D2671DEDA00847111 /* Assignee.swift in Sources */,
				71B040F926732EE7008819E8 /* FilterMemoryStorage.swift in Sources */,
				71FCE1AF2670BE440044038E /* Issue.swift in Sources */,
			);
			runOnlyForDeploymentPostprocessing = 0;
		};
/* End PBXSourcesBuildPhase section */

/* Begin PBXVariantGroup section */
		71377D23266E458000DB1C4D /* Main.storyboard */ = {
			isa = PBXVariantGroup;
			children = (
				71377D24266E458000DB1C4D /* Base */,
			);
			name = Main.storyboard;
			sourceTree = "<group>";
		};
		71377D28266E458100DB1C4D /* LaunchScreen.storyboard */ = {
			isa = PBXVariantGroup;
			children = (
				71377D29266E458100DB1C4D /* Base */,
			);
			name = LaunchScreen.storyboard;
			sourceTree = "<group>";
		};
/* End PBXVariantGroup section */

/* Begin XCBuildConfiguration section */
		71377D2C266E458100DB1C4D /* Debug */ = {
			isa = XCBuildConfiguration;
			buildSettings = {
				ALWAYS_SEARCH_USER_PATHS = NO;
				CLANG_ANALYZER_NONNULL = YES;
				CLANG_ANALYZER_NUMBER_OBJECT_CONVERSION = YES_AGGRESSIVE;
				CLANG_CXX_LANGUAGE_STANDARD = "gnu++14";
				CLANG_CXX_LIBRARY = "libc++";
				CLANG_ENABLE_MODULES = YES;
				CLANG_ENABLE_OBJC_ARC = YES;
				CLANG_ENABLE_OBJC_WEAK = YES;
				CLANG_WARN_BLOCK_CAPTURE_AUTORELEASING = YES;
				CLANG_WARN_BOOL_CONVERSION = YES;
				CLANG_WARN_COMMA = YES;
				CLANG_WARN_CONSTANT_CONVERSION = YES;
				CLANG_WARN_DEPRECATED_OBJC_IMPLEMENTATIONS = YES;
				CLANG_WARN_DIRECT_OBJC_ISA_USAGE = YES_ERROR;
				CLANG_WARN_DOCUMENTATION_COMMENTS = YES;
				CLANG_WARN_EMPTY_BODY = YES;
				CLANG_WARN_ENUM_CONVERSION = YES;
				CLANG_WARN_INFINITE_RECURSION = YES;
				CLANG_WARN_INT_CONVERSION = YES;
				CLANG_WARN_NON_LITERAL_NULL_CONVERSION = YES;
				CLANG_WARN_OBJC_IMPLICIT_RETAIN_SELF = YES;
				CLANG_WARN_OBJC_LITERAL_CONVERSION = YES;
				CLANG_WARN_OBJC_ROOT_CLASS = YES_ERROR;
				CLANG_WARN_QUOTED_INCLUDE_IN_FRAMEWORK_HEADER = YES;
				CLANG_WARN_RANGE_LOOP_ANALYSIS = YES;
				CLANG_WARN_STRICT_PROTOTYPES = YES;
				CLANG_WARN_SUSPICIOUS_MOVE = YES;
				CLANG_WARN_UNGUARDED_AVAILABILITY = YES_AGGRESSIVE;
				CLANG_WARN_UNREACHABLE_CODE = YES;
				CLANG_WARN__DUPLICATE_METHOD_MATCH = YES;
				COPY_PHASE_STRIP = NO;
				DEBUG_INFORMATION_FORMAT = dwarf;
				ENABLE_STRICT_OBJC_MSGSEND = YES;
				ENABLE_TESTABILITY = YES;
				GCC_C_LANGUAGE_STANDARD = gnu11;
				GCC_DYNAMIC_NO_PIC = NO;
				GCC_NO_COMMON_BLOCKS = YES;
				GCC_OPTIMIZATION_LEVEL = 0;
				GCC_PREPROCESSOR_DEFINITIONS = (
					"DEBUG=1",
					"$(inherited)",
				);
				GCC_WARN_64_TO_32_BIT_CONVERSION = YES;
				GCC_WARN_ABOUT_RETURN_TYPE = YES_ERROR;
				GCC_WARN_UNDECLARED_SELECTOR = YES;
				GCC_WARN_UNINITIALIZED_AUTOS = YES_AGGRESSIVE;
				GCC_WARN_UNUSED_FUNCTION = YES;
				GCC_WARN_UNUSED_VARIABLE = YES;
				IPHONEOS_DEPLOYMENT_TARGET = 14.5;
				MTL_ENABLE_DEBUG_INFO = INCLUDE_SOURCE;
				MTL_FAST_MATH = YES;
				ONLY_ACTIVE_ARCH = YES;
				SDKROOT = iphoneos;
				SWIFT_ACTIVE_COMPILATION_CONDITIONS = DEBUG;
				SWIFT_OPTIMIZATION_LEVEL = "-Onone";
			};
			name = Debug;
		};
		71377D2D266E458100DB1C4D /* Release */ = {
			isa = XCBuildConfiguration;
			buildSettings = {
				ALWAYS_SEARCH_USER_PATHS = NO;
				CLANG_ANALYZER_NONNULL = YES;
				CLANG_ANALYZER_NUMBER_OBJECT_CONVERSION = YES_AGGRESSIVE;
				CLANG_CXX_LANGUAGE_STANDARD = "gnu++14";
				CLANG_CXX_LIBRARY = "libc++";
				CLANG_ENABLE_MODULES = YES;
				CLANG_ENABLE_OBJC_ARC = YES;
				CLANG_ENABLE_OBJC_WEAK = YES;
				CLANG_WARN_BLOCK_CAPTURE_AUTORELEASING = YES;
				CLANG_WARN_BOOL_CONVERSION = YES;
				CLANG_WARN_COMMA = YES;
				CLANG_WARN_CONSTANT_CONVERSION = YES;
				CLANG_WARN_DEPRECATED_OBJC_IMPLEMENTATIONS = YES;
				CLANG_WARN_DIRECT_OBJC_ISA_USAGE = YES_ERROR;
				CLANG_WARN_DOCUMENTATION_COMMENTS = YES;
				CLANG_WARN_EMPTY_BODY = YES;
				CLANG_WARN_ENUM_CONVERSION = YES;
				CLANG_WARN_INFINITE_RECURSION = YES;
				CLANG_WARN_INT_CONVERSION = YES;
				CLANG_WARN_NON_LITERAL_NULL_CONVERSION = YES;
				CLANG_WARN_OBJC_IMPLICIT_RETAIN_SELF = YES;
				CLANG_WARN_OBJC_LITERAL_CONVERSION = YES;
				CLANG_WARN_OBJC_ROOT_CLASS = YES_ERROR;
				CLANG_WARN_QUOTED_INCLUDE_IN_FRAMEWORK_HEADER = YES;
				CLANG_WARN_RANGE_LOOP_ANALYSIS = YES;
				CLANG_WARN_STRICT_PROTOTYPES = YES;
				CLANG_WARN_SUSPICIOUS_MOVE = YES;
				CLANG_WARN_UNGUARDED_AVAILABILITY = YES_AGGRESSIVE;
				CLANG_WARN_UNREACHABLE_CODE = YES;
				CLANG_WARN__DUPLICATE_METHOD_MATCH = YES;
				COPY_PHASE_STRIP = NO;
				DEBUG_INFORMATION_FORMAT = "dwarf-with-dsym";
				ENABLE_NS_ASSERTIONS = NO;
				ENABLE_STRICT_OBJC_MSGSEND = YES;
				GCC_C_LANGUAGE_STANDARD = gnu11;
				GCC_NO_COMMON_BLOCKS = YES;
				GCC_WARN_64_TO_32_BIT_CONVERSION = YES;
				GCC_WARN_ABOUT_RETURN_TYPE = YES_ERROR;
				GCC_WARN_UNDECLARED_SELECTOR = YES;
				GCC_WARN_UNINITIALIZED_AUTOS = YES_AGGRESSIVE;
				GCC_WARN_UNUSED_FUNCTION = YES;
				GCC_WARN_UNUSED_VARIABLE = YES;
				IPHONEOS_DEPLOYMENT_TARGET = 14.5;
				MTL_ENABLE_DEBUG_INFO = NO;
				MTL_FAST_MATH = YES;
				SDKROOT = iphoneos;
				SWIFT_COMPILATION_MODE = wholemodule;
				SWIFT_OPTIMIZATION_LEVEL = "-O";
				VALIDATE_PRODUCT = YES;
			};
			name = Release;
		};
		71377D2F266E458100DB1C4D /* Debug */ = {
			isa = XCBuildConfiguration;
			baseConfigurationReference = C617ED888C881C2FD8566BFB /* Pods-IssueTracker.debug.xcconfig */;
			buildSettings = {
				ASSETCATALOG_COMPILER_APPICON_NAME = AppIcon;
				ASSETCATALOG_COMPILER_GLOBAL_ACCENT_COLOR_NAME = AccentColor;
				CODE_SIGN_STYLE = Automatic;
				INFOPLIST_FILE = IssueTracker/Info.plist;
				LD_RUNPATH_SEARCH_PATHS = (
					"$(inherited)",
					"@executable_path/Frameworks",
				);
				PRODUCT_BUNDLE_IDENTIFIER = Ray.IssueTracker;
				PRODUCT_NAME = "$(TARGET_NAME)";
				SWIFT_VERSION = 5.0;
				TARGETED_DEVICE_FAMILY = "1,2";
			};
			name = Debug;
		};
		71377D30266E458100DB1C4D /* Release */ = {
			isa = XCBuildConfiguration;
			baseConfigurationReference = 0BD2EE732C85DCCFB3400CDE /* Pods-IssueTracker.release.xcconfig */;
			buildSettings = {
				ASSETCATALOG_COMPILER_APPICON_NAME = AppIcon;
				ASSETCATALOG_COMPILER_GLOBAL_ACCENT_COLOR_NAME = AccentColor;
				CODE_SIGN_STYLE = Automatic;
				INFOPLIST_FILE = IssueTracker/Info.plist;
				LD_RUNPATH_SEARCH_PATHS = (
					"$(inherited)",
					"@executable_path/Frameworks",
				);
				PRODUCT_BUNDLE_IDENTIFIER = Ray.IssueTracker;
				PRODUCT_NAME = "$(TARGET_NAME)";
				SWIFT_VERSION = 5.0;
				TARGETED_DEVICE_FAMILY = "1,2";
			};
			name = Release;
		};
/* End XCBuildConfiguration section */

/* Begin XCConfigurationList section */
		71377D15266E458000DB1C4D /* Build configuration list for PBXProject "IssueTracker" */ = {
			isa = XCConfigurationList;
			buildConfigurations = (
				71377D2C266E458100DB1C4D /* Debug */,
				71377D2D266E458100DB1C4D /* Release */,
			);
			defaultConfigurationIsVisible = 0;
			defaultConfigurationName = Release;
		};
		71377D2E266E458100DB1C4D /* Build configuration list for PBXNativeTarget "IssueTracker" */ = {
			isa = XCConfigurationList;
			buildConfigurations = (
				71377D2F266E458100DB1C4D /* Debug */,
				71377D30266E458100DB1C4D /* Release */,
			);
			defaultConfigurationIsVisible = 0;
			defaultConfigurationName = Release;
		};
/* End XCConfigurationList section */

/* Begin XCRemoteSwiftPackageReference section */
		71377D31266E47AC00DB1C4D /* XCRemoteSwiftPackageReference "octokit.swift" */ = {
			isa = XCRemoteSwiftPackageReference;
			repositoryURL = "https://github.com/nerdishbynature/octokit.swift.git";
			requirement = {
				kind = upToNextMajorVersion;
				minimumVersion = 0.11.0;
			};
		};
/* End XCRemoteSwiftPackageReference section */

/* Begin XCSwiftPackageProductDependency section */
		71377D32266E47AC00DB1C4D /* OctoKit */ = {
			isa = XCSwiftPackageProductDependency;
			package = 71377D31266E47AC00DB1C4D /* XCRemoteSwiftPackageReference "octokit.swift" */;
			productName = OctoKit;
		};
/* End XCSwiftPackageProductDependency section */
	};
	rootObject = 71377D12266E458000DB1C4D /* Project object */;
}
