// !$*UTF8*$!
{
	archiveVersion = 1;
	classes = {
	};
	objectVersion = 52;
	objects = {

/* Begin PBXBuildFile section */
		491F08942679E5420081C5C5 /* AddLabelViewController.swift in Sources */ = {isa = PBXBuildFile; fileRef = 491F08932679E5410081C5C5 /* AddLabelViewController.swift */; };
		49903DAB266F558300D2A6DD /* LoginView.swift in Sources */ = {isa = PBXBuildFile; fileRef = 49903DAA266F558300D2A6DD /* LoginView.swift */; };
		49903DAE266F588B00D2A6DD /* IDPasswordTextField.swift in Sources */ = {isa = PBXBuildFile; fileRef = 49903DAD266F588B00D2A6DD /* IDPasswordTextField.swift */; };
		8345AD7BD9CAFAD9A4F8374A /* Pods_issue_tracker_issue_trackerUITests.framework in Frameworks */ = {isa = PBXBuildFile; fileRef = F0166F39C919837292E32AEF /* Pods_issue_tracker_issue_trackerUITests.framework */; };
		8D53899997C8120B27C2FB4A /* Pods_issue_trackerTests.framework in Frameworks */ = {isa = PBXBuildFile; fileRef = 57FD79E124256E10A8CD0326 /* Pods_issue_trackerTests.framework */; };
		9F61736E94FA27116F3653A8 /* Pods_issue_tracker.framework in Frameworks */ = {isa = PBXBuildFile; fileRef = 6DCF55CDC3CD94CD2F1208E5 /* Pods_issue_tracker.framework */; };
		B32FEAC12671D9F600BF37A1 /* IssueListViewController.swift in Sources */ = {isa = PBXBuildFile; fileRef = B32FEAC02671D9F600BF37A1 /* IssueListViewController.swift */; };
		B32FEAC32671DCB100BF37A1 /* IssueTableViewCell.swift in Sources */ = {isa = PBXBuildFile; fileRef = B32FEAC22671DCB100BF37A1 /* IssueTableViewCell.swift */; };
		B32FEAC62671DDA600BF37A1 /* MilestoneView.swift in Sources */ = {isa = PBXBuildFile; fileRef = B32FEAC52671DDA600BF37A1 /* MilestoneView.swift */; };
		B32FEAC82671F65F00BF37A1 /* FilterBarButton.swift in Sources */ = {isa = PBXBuildFile; fileRef = B32FEAC72671F65F00BF37A1 /* FilterBarButton.swift */; };
		B32FEACA2671FD1600BF37A1 /* SelectBarButton.swift in Sources */ = {isa = PBXBuildFile; fileRef = B32FEAC92671FD1600BF37A1 /* SelectBarButton.swift */; };
		B32FEACC26724CF400BF37A1 /* IssueTableFooterView.swift in Sources */ = {isa = PBXBuildFile; fileRef = B32FEACB26724CF400BF37A1 /* IssueTableFooterView.swift */; };
		B32FEACE267260E400BF37A1 /* AddIssueButton.swift in Sources */ = {isa = PBXBuildFile; fileRef = B32FEACD267260E400BF37A1 /* AddIssueButton.swift */; };
		B349997D266F8D0B0091A44A /* GitHubLoginButton.swift in Sources */ = {isa = PBXBuildFile; fileRef = B349997C266F8D0B0091A44A /* GitHubLoginButton.swift */; };
		B349997F266F90710091A44A /* AppleLoginButton.swift in Sources */ = {isa = PBXBuildFile; fileRef = B349997E266F90710091A44A /* AppleLoginButton.swift */; };
		B34FF73E267AE9D8002D9C56 /* EstimatedLabelView.swift in Sources */ = {isa = PBXBuildFile; fileRef = B34FF73D267AE9D8002D9C56 /* EstimatedLabelView.swift */; };
		B34FF741267B8800002D9C56 /* AddLabelTableViewCell.swift in Sources */ = {isa = PBXBuildFile; fileRef = B34FF740267B8800002D9C56 /* AddLabelTableViewCell.swift */; };
		B3A5CB58267840290060DC85 /* LabelListViewModel.swift in Sources */ = {isa = PBXBuildFile; fileRef = B3A5CB57267840290060DC85 /* LabelListViewModel.swift */; };
		B3A5CB5B26784AA50060DC85 /* LabelList.swift in Sources */ = {isa = PBXBuildFile; fileRef = B3A5CB5A26784AA50060DC85 /* LabelList.swift */; };
		B3B559E1266E095E00901C55 /* AppDelegate.swift in Sources */ = {isa = PBXBuildFile; fileRef = B3B559E0266E095E00901C55 /* AppDelegate.swift */; };
		B3B559E3266E095E00901C55 /* SceneDelegate.swift in Sources */ = {isa = PBXBuildFile; fileRef = B3B559E2266E095E00901C55 /* SceneDelegate.swift */; };
		B3B559E8266E095E00901C55 /* Main.storyboard in Resources */ = {isa = PBXBuildFile; fileRef = B3B559E6266E095E00901C55 /* Main.storyboard */; };
		B3B559EA266E096000901C55 /* Assets.xcassets in Resources */ = {isa = PBXBuildFile; fileRef = B3B559E9266E096000901C55 /* Assets.xcassets */; };
		B3B559ED266E096000901C55 /* LaunchScreen.storyboard in Resources */ = {isa = PBXBuildFile; fileRef = B3B559EB266E096000901C55 /* LaunchScreen.storyboard */; };
		B3B559F8266E096000901C55 /* issue_trackerTests.swift in Sources */ = {isa = PBXBuildFile; fileRef = B3B559F7266E096000901C55 /* issue_trackerTests.swift */; };
		B3B55A03266E096000901C55 /* issue_trackerUITests.swift in Sources */ = {isa = PBXBuildFile; fileRef = B3B55A02266E096000901C55 /* issue_trackerUITests.swift */; };
		B3CBD19B267C359500F8D733 /* .swiftlint.yml in Resources */ = {isa = PBXBuildFile; fileRef = B3CBD19A267C359500F8D733 /* .swiftlint.yml */; };
		B3D7D0C4267735CC000F02F4 /* IssueList.swift in Sources */ = {isa = PBXBuildFile; fileRef = B3D7D0C3267735CC000F02F4 /* IssueList.swift */; };
		B3D7D0C926773AEA000F02F4 /* NewIssue.swift in Sources */ = {isa = PBXBuildFile; fileRef = B3D7D0C826773AEA000F02F4 /* NewIssue.swift */; };
		B3E01193267A0B44001155D4 /* AddLabelViewModel.swift in Sources */ = {isa = PBXBuildFile; fileRef = B3E01192267A0B44001155D4 /* AddLabelViewModel.swift */; };
		B3E01196267A28B2001155D4 /* MarkdownKit in Frameworks */ = {isa = PBXBuildFile; productRef = B3E01195267A28B2001155D4 /* MarkdownKit */; };
		B3EADABE2675EFED0007C4B6 /* AddLabelButton.swift in Sources */ = {isa = PBXBuildFile; fileRef = B3EADABD2675EFED0007C4B6 /* AddLabelButton.swift */; };
		B3EADAC0267628FB0007C4B6 /* LabelsCollectionView.swift in Sources */ = {isa = PBXBuildFile; fileRef = B3EADABF267628FB0007C4B6 /* LabelsCollectionView.swift */; };
		B3EADAC2267629190007C4B6 /* LabelsCollectionViewCell.swift in Sources */ = {isa = PBXBuildFile; fileRef = B3EADAC1267629190007C4B6 /* LabelsCollectionViewCell.swift */; };
		B3F527512670968F002B0812 /* LabelViewController.swift in Sources */ = {isa = PBXBuildFile; fileRef = B3F527502670968F002B0812 /* LabelViewController.swift */; };
		B3F527552670A0CD002B0812 /* UIColor+HexInit.swift in Sources */ = {isa = PBXBuildFile; fileRef = B3F527542670A0CD002B0812 /* UIColor+HexInit.swift */; };
		B3F5275C2670C0EF002B0812 /* PaddingLabel.swift in Sources */ = {isa = PBXBuildFile; fileRef = B3F5275B2670C0EF002B0812 /* PaddingLabel.swift */; };
		B3FBA7B726730B9A0006E5E6 /* IssueToolbar.swift in Sources */ = {isa = PBXBuildFile; fileRef = B3FBA7B626730B9A0006E5E6 /* IssueToolbar.swift */; };
		B3FBA7B9267335C30006E5E6 /* CancelButton.swift in Sources */ = {isa = PBXBuildFile; fileRef = B3FBA7B8267335C30006E5E6 /* CancelButton.swift */; };
		D0103BDE267B897E0079FC3D /* AddMilestoneViewController.swift in Sources */ = {isa = PBXBuildFile; fileRef = D0103BDD267B897E0079FC3D /* AddMilestoneViewController.swift */; };
		D0103BE0268066A80079FC3D /* AddMilestoneTableViewCell.swift in Sources */ = {isa = PBXBuildFile; fileRef = D0103BDF268066A80079FC3D /* AddMilestoneTableViewCell.swift */; };
		D03AF8F226771FA3001C2CBF /* Login.storyboard in Resources */ = {isa = PBXBuildFile; fileRef = D03AF8F126771FA3001C2CBF /* Login.storyboard */; };
		D03AF8F42677253C001C2CBF /* IssueFilterViewController.swift in Sources */ = {isa = PBXBuildFile; fileRef = D03AF8F32677253C001C2CBF /* IssueFilterViewController.swift */; };
		D03AF8F626774707001C2CBF /* UserList.swift in Sources */ = {isa = PBXBuildFile; fileRef = D03AF8F526774707001C2CBF /* UserList.swift */; };
		D03AF8F826774909001C2CBF /* MilestoneList.swift in Sources */ = {isa = PBXBuildFile; fileRef = D03AF8F726774909001C2CBF /* MilestoneList.swift */; };
		D03AF8FA2677494F001C2CBF /* Comment.swift in Sources */ = {isa = PBXBuildFile; fileRef = D03AF8F92677494F001C2CBF /* Comment.swift */; };
		D04C694E267A35960056DD79 /* MilestoneViewModel.swift in Sources */ = {isa = PBXBuildFile; fileRef = D04C694D267A35960056DD79 /* MilestoneViewModel.swift */; };
		D04C6956267B2C560056DD79 /* ToolBarTextField.swift in Sources */ = {isa = PBXBuildFile; fileRef = D04C6955267B2C560056DD79 /* ToolBarTextField.swift */; };
		D0A88E0226732D21005877F6 /* NewIssueViewController.swift in Sources */ = {isa = PBXBuildFile; fileRef = D0A88E0126732D21005877F6 /* NewIssueViewController.swift */; };
		D0A88E04267334A6005877F6 /* IssueDetailViewController.swift in Sources */ = {isa = PBXBuildFile; fileRef = D0A88E03267334A6005877F6 /* IssueDetailViewController.swift */; };
		D0A88E092674F888005877F6 /* IssueDetailTableViewCell.swift in Sources */ = {isa = PBXBuildFile; fileRef = D0A88E082674F888005877F6 /* IssueDetailTableViewCell.swift */; };
		D0A88E0D26762D51005877F6 /* ModalViewController.swift in Sources */ = {isa = PBXBuildFile; fileRef = D0A88E0C26762D51005877F6 /* ModalViewController.swift */; };
		D0A88E0F26765325005877F6 /* UIKit+Extension.swift in Sources */ = {isa = PBXBuildFile; fileRef = D0A88E0E26765325005877F6 /* UIKit+Extension.swift */; };
		D0A88E112676563E005877F6 /* Modal.storyboard in Resources */ = {isa = PBXBuildFile; fileRef = D0A88E102676563E005877F6 /* Modal.storyboard */; };
		D0ADB694266F0A5000E0762C /* Endpoint.swift in Sources */ = {isa = PBXBuildFile; fileRef = D0ADB693266F0A5000E0762C /* Endpoint.swift */; };
		D0ADB699266F0C1300E0762C /* NetworkManager.swift in Sources */ = {isa = PBXBuildFile; fileRef = D0ADB698266F0C1300E0762C /* NetworkManager.swift */; };
		D0ADB6CC266F4F1C00E0762C /* Alamofire in Frameworks */ = {isa = PBXBuildFile; productRef = D0ADB6CB266F4F1C00E0762C /* Alamofire */; };
		D0ADB6D1266F4F3D00E0762C /* RxCocoa in Frameworks */ = {isa = PBXBuildFile; productRef = D0ADB6D0266F4F3D00E0762C /* RxCocoa */; };
		D0ADB6D5266F4F3D00E0762C /* RxSwift in Frameworks */ = {isa = PBXBuildFile; productRef = D0ADB6D4266F4F3D00E0762C /* RxSwift */; };
		D0ADB6D7266F4F4700E0762C /* SnapKit in Frameworks */ = {isa = PBXBuildFile; productRef = D0ADB6D6266F4F4700E0762C /* SnapKit */; };
		D0ADB6F8266F5BBE00E0762C /* OAuthManager.swift in Sources */ = {isa = PBXBuildFile; fileRef = D0ADB6F7266F5BBE00E0762C /* OAuthManager.swift */; };
		D0DAAE28268071F00075E794 /* NewIssueViewModel.swift in Sources */ = {isa = PBXBuildFile; fileRef = D0DAAE27268071F00075E794 /* NewIssueViewModel.swift */; };
		D0DAAE2A2680A8DE0075E794 /* AdditionalInfoViewController.swift in Sources */ = {isa = PBXBuildFile; fileRef = D0DAAE292680A8DE0075E794 /* AdditionalInfoViewController.swift */; };
		D0DAAE2C2680E2E20075E794 /* IssueDetailViewModel.swift in Sources */ = {isa = PBXBuildFile; fileRef = D0DAAE2B2680E2E20075E794 /* IssueDetailViewModel.swift */; };
		D0FD509E26708DDE008C6031 /* LoginViewController.swift in Sources */ = {isa = PBXBuildFile; fileRef = B3B559E4266E095E00901C55 /* LoginViewController.swift */; };
		D0FD50AA267096C0008C6031 /* MilestoneViewController.swift in Sources */ = {isa = PBXBuildFile; fileRef = D0FD50A9267096C0008C6031 /* MilestoneViewController.swift */; };
		D0FD50BB26709F8B008C6031 /* MilestoneTableViewCell.swift in Sources */ = {isa = PBXBuildFile; fileRef = D0FD50BA26709F8B008C6031 /* MilestoneTableViewCell.swift */; };
		D0FD50F72671B156008C6031 /* LabelTableViewCell.swift in Sources */ = {isa = PBXBuildFile; fileRef = D0FD50F62671B156008C6031 /* LabelTableViewCell.swift */; };
/* End PBXBuildFile section */

/* Begin PBXContainerItemProxy section */
		B3B559F4266E096000901C55 /* PBXContainerItemProxy */ = {
			isa = PBXContainerItemProxy;
			containerPortal = B3B559D5266E095E00901C55 /* Project object */;
			proxyType = 1;
			remoteGlobalIDString = B3B559DC266E095E00901C55;
			remoteInfo = "issue-tracker";
		};
		B3B559FF266E096000901C55 /* PBXContainerItemProxy */ = {
			isa = PBXContainerItemProxy;
			containerPortal = B3B559D5266E095E00901C55 /* Project object */;
			proxyType = 1;
			remoteGlobalIDString = B3B559DC266E095E00901C55;
			remoteInfo = "issue-tracker";
		};
/* End PBXContainerItemProxy section */

/* Begin PBXFileReference section */
		3D239EFE5DEB1D1C49840391 /* Pods-issue-trackerTests.release.xcconfig */ = {isa = PBXFileReference; includeInIndex = 1; lastKnownFileType = text.xcconfig; name = "Pods-issue-trackerTests.release.xcconfig"; path = "Target Support Files/Pods-issue-trackerTests/Pods-issue-trackerTests.release.xcconfig"; sourceTree = "<group>"; };
		491F08932679E5410081C5C5 /* AddLabelViewController.swift */ = {isa = PBXFileReference; fileEncoding = 4; lastKnownFileType = sourcecode.swift; path = AddLabelViewController.swift; sourceTree = "<group>"; };
		49903DAA266F558300D2A6DD /* LoginView.swift */ = {isa = PBXFileReference; lastKnownFileType = sourcecode.swift; path = LoginView.swift; sourceTree = "<group>"; };
		49903DAD266F588B00D2A6DD /* IDPasswordTextField.swift */ = {isa = PBXFileReference; lastKnownFileType = sourcecode.swift; path = IDPasswordTextField.swift; sourceTree = "<group>"; };
		57FD79E124256E10A8CD0326 /* Pods_issue_trackerTests.framework */ = {isa = PBXFileReference; explicitFileType = wrapper.framework; includeInIndex = 0; path = Pods_issue_trackerTests.framework; sourceTree = BUILT_PRODUCTS_DIR; };
		6DCF55CDC3CD94CD2F1208E5 /* Pods_issue_tracker.framework */ = {isa = PBXFileReference; explicitFileType = wrapper.framework; includeInIndex = 0; path = Pods_issue_tracker.framework; sourceTree = BUILT_PRODUCTS_DIR; };
		702E8D2AD8B572CC0A3F3F24 /* Pods-issue-tracker-issue-trackerUITests.release.xcconfig */ = {isa = PBXFileReference; includeInIndex = 1; lastKnownFileType = text.xcconfig; name = "Pods-issue-tracker-issue-trackerUITests.release.xcconfig"; path = "Target Support Files/Pods-issue-tracker-issue-trackerUITests/Pods-issue-tracker-issue-trackerUITests.release.xcconfig"; sourceTree = "<group>"; };
		A36EB985C6FE14BAF28D126D /* Pods-issue-trackerTests.debug.xcconfig */ = {isa = PBXFileReference; includeInIndex = 1; lastKnownFileType = text.xcconfig; name = "Pods-issue-trackerTests.debug.xcconfig"; path = "Target Support Files/Pods-issue-trackerTests/Pods-issue-trackerTests.debug.xcconfig"; sourceTree = "<group>"; };
		B2AD0081C0EB261B3FEA9CF7 /* Pods-issue-tracker-issue-trackerUITests.debug.xcconfig */ = {isa = PBXFileReference; includeInIndex = 1; lastKnownFileType = text.xcconfig; name = "Pods-issue-tracker-issue-trackerUITests.debug.xcconfig"; path = "Target Support Files/Pods-issue-tracker-issue-trackerUITests/Pods-issue-tracker-issue-trackerUITests.debug.xcconfig"; sourceTree = "<group>"; };
		B32FEAC02671D9F600BF37A1 /* IssueListViewController.swift */ = {isa = PBXFileReference; lastKnownFileType = sourcecode.swift; name = IssueListViewController.swift; path = "issue-tracker/View/IssueListViewController.swift"; sourceTree = SOURCE_ROOT; };
		B32FEAC22671DCB100BF37A1 /* IssueTableViewCell.swift */ = {isa = PBXFileReference; fileEncoding = 4; lastKnownFileType = sourcecode.swift; path = IssueTableViewCell.swift; sourceTree = "<group>"; };
		B32FEAC52671DDA600BF37A1 /* MilestoneView.swift */ = {isa = PBXFileReference; lastKnownFileType = sourcecode.swift; path = MilestoneView.swift; sourceTree = "<group>"; };
		B32FEAC72671F65F00BF37A1 /* FilterBarButton.swift */ = {isa = PBXFileReference; lastKnownFileType = sourcecode.swift; path = FilterBarButton.swift; sourceTree = "<group>"; };
		B32FEAC92671FD1600BF37A1 /* SelectBarButton.swift */ = {isa = PBXFileReference; lastKnownFileType = sourcecode.swift; path = SelectBarButton.swift; sourceTree = "<group>"; };
		B32FEACB26724CF400BF37A1 /* IssueTableFooterView.swift */ = {isa = PBXFileReference; lastKnownFileType = sourcecode.swift; name = IssueTableFooterView.swift; path = "issue-tracker/Controller/IssueTableFooterView.swift"; sourceTree = SOURCE_ROOT; };
		B32FEACD267260E400BF37A1 /* AddIssueButton.swift */ = {isa = PBXFileReference; lastKnownFileType = sourcecode.swift; path = AddIssueButton.swift; sourceTree = "<group>"; };
		B349997C266F8D0B0091A44A /* GitHubLoginButton.swift */ = {isa = PBXFileReference; lastKnownFileType = sourcecode.swift; path = GitHubLoginButton.swift; sourceTree = "<group>"; };
		B349997E266F90710091A44A /* AppleLoginButton.swift */ = {isa = PBXFileReference; lastKnownFileType = sourcecode.swift; path = AppleLoginButton.swift; sourceTree = "<group>"; };
		B34FF73D267AE9D8002D9C56 /* EstimatedLabelView.swift */ = {isa = PBXFileReference; lastKnownFileType = sourcecode.swift; path = EstimatedLabelView.swift; sourceTree = "<group>"; };
		B34FF740267B8800002D9C56 /* AddLabelTableViewCell.swift */ = {isa = PBXFileReference; lastKnownFileType = sourcecode.swift; path = AddLabelTableViewCell.swift; sourceTree = "<group>"; };
		B3A5CB57267840290060DC85 /* LabelListViewModel.swift */ = {isa = PBXFileReference; lastKnownFileType = sourcecode.swift; path = LabelListViewModel.swift; sourceTree = "<group>"; };
		B3A5CB5A26784AA50060DC85 /* LabelList.swift */ = {isa = PBXFileReference; lastKnownFileType = sourcecode.swift; path = LabelList.swift; sourceTree = "<group>"; };
		B3B559DD266E095E00901C55 /* issue-tracker.app */ = {isa = PBXFileReference; explicitFileType = wrapper.application; includeInIndex = 0; path = "issue-tracker.app"; sourceTree = BUILT_PRODUCTS_DIR; };
		B3B559E0266E095E00901C55 /* AppDelegate.swift */ = {isa = PBXFileReference; lastKnownFileType = sourcecode.swift; path = AppDelegate.swift; sourceTree = "<group>"; };
		B3B559E2266E095E00901C55 /* SceneDelegate.swift */ = {isa = PBXFileReference; lastKnownFileType = sourcecode.swift; path = SceneDelegate.swift; sourceTree = "<group>"; };
		B3B559E4266E095E00901C55 /* LoginViewController.swift */ = {isa = PBXFileReference; lastKnownFileType = sourcecode.swift; path = LoginViewController.swift; sourceTree = "<group>"; };
		B3B559E7266E095E00901C55 /* Base */ = {isa = PBXFileReference; lastKnownFileType = file.storyboard; name = Base; path = Base.lproj/Main.storyboard; sourceTree = "<group>"; };
		B3B559E9266E096000901C55 /* Assets.xcassets */ = {isa = PBXFileReference; lastKnownFileType = folder.assetcatalog; path = Assets.xcassets; sourceTree = "<group>"; };
		B3B559EC266E096000901C55 /* Base */ = {isa = PBXFileReference; lastKnownFileType = file.storyboard; name = Base; path = Base.lproj/LaunchScreen.storyboard; sourceTree = "<group>"; };
		B3B559EE266E096000901C55 /* Info.plist */ = {isa = PBXFileReference; lastKnownFileType = text.plist.xml; path = Info.plist; sourceTree = "<group>"; };
		B3B559F3266E096000901C55 /* issue-trackerTests.xctest */ = {isa = PBXFileReference; explicitFileType = wrapper.cfbundle; includeInIndex = 0; path = "issue-trackerTests.xctest"; sourceTree = BUILT_PRODUCTS_DIR; };
		B3B559F7266E096000901C55 /* issue_trackerTests.swift */ = {isa = PBXFileReference; lastKnownFileType = sourcecode.swift; path = issue_trackerTests.swift; sourceTree = "<group>"; };
		B3B559F9266E096000901C55 /* Info.plist */ = {isa = PBXFileReference; lastKnownFileType = text.plist.xml; path = Info.plist; sourceTree = "<group>"; };
		B3B559FE266E096000901C55 /* issue-trackerUITests.xctest */ = {isa = PBXFileReference; explicitFileType = wrapper.cfbundle; includeInIndex = 0; path = "issue-trackerUITests.xctest"; sourceTree = BUILT_PRODUCTS_DIR; };
		B3B55A02266E096000901C55 /* issue_trackerUITests.swift */ = {isa = PBXFileReference; lastKnownFileType = sourcecode.swift; path = issue_trackerUITests.swift; sourceTree = "<group>"; };
		B3B55A04266E096000901C55 /* Info.plist */ = {isa = PBXFileReference; lastKnownFileType = text.plist.xml; path = Info.plist; sourceTree = "<group>"; };
		B3CBD19A267C359500F8D733 /* .swiftlint.yml */ = {isa = PBXFileReference; lastKnownFileType = text.yaml; path = .swiftlint.yml; sourceTree = "<group>"; };
		B3D7D0C3267735CC000F02F4 /* IssueList.swift */ = {isa = PBXFileReference; lastKnownFileType = sourcecode.swift; path = IssueList.swift; sourceTree = "<group>"; };
		B3D7D0C826773AEA000F02F4 /* NewIssue.swift */ = {isa = PBXFileReference; lastKnownFileType = sourcecode.swift; path = NewIssue.swift; sourceTree = "<group>"; };
		B3E01192267A0B44001155D4 /* AddLabelViewModel.swift */ = {isa = PBXFileReference; fileEncoding = 4; lastKnownFileType = sourcecode.swift; path = AddLabelViewModel.swift; sourceTree = "<group>"; };
		B3EADABD2675EFED0007C4B6 /* AddLabelButton.swift */ = {isa = PBXFileReference; lastKnownFileType = sourcecode.swift; path = AddLabelButton.swift; sourceTree = "<group>"; };
		B3EADABF267628FB0007C4B6 /* LabelsCollectionView.swift */ = {isa = PBXFileReference; lastKnownFileType = sourcecode.swift; path = LabelsCollectionView.swift; sourceTree = "<group>"; };
		B3EADAC1267629190007C4B6 /* LabelsCollectionViewCell.swift */ = {isa = PBXFileReference; lastKnownFileType = sourcecode.swift; path = LabelsCollectionViewCell.swift; sourceTree = SOURCE_ROOT; };
		B3F527502670968F002B0812 /* LabelViewController.swift */ = {isa = PBXFileReference; lastKnownFileType = sourcecode.swift; path = LabelViewController.swift; sourceTree = "<group>"; };
		B3F527542670A0CD002B0812 /* UIColor+HexInit.swift */ = {isa = PBXFileReference; lastKnownFileType = sourcecode.swift; path = "UIColor+HexInit.swift"; sourceTree = "<group>"; };
		B3F5275B2670C0EF002B0812 /* PaddingLabel.swift */ = {isa = PBXFileReference; lastKnownFileType = sourcecode.swift; path = PaddingLabel.swift; sourceTree = "<group>"; };
		B3FBA7B626730B9A0006E5E6 /* IssueToolbar.swift */ = {isa = PBXFileReference; lastKnownFileType = sourcecode.swift; name = IssueToolbar.swift; path = "issue-tracker/Controller/IssueToolbar.swift"; sourceTree = SOURCE_ROOT; };
		B3FBA7B8267335C30006E5E6 /* CancelButton.swift */ = {isa = PBXFileReference; lastKnownFileType = sourcecode.swift; path = CancelButton.swift; sourceTree = "<group>"; };
		CCF0F131FB8BE0BC0EF7FE4E /* Pods-issue-tracker.release.xcconfig */ = {isa = PBXFileReference; includeInIndex = 1; lastKnownFileType = text.xcconfig; name = "Pods-issue-tracker.release.xcconfig"; path = "Target Support Files/Pods-issue-tracker/Pods-issue-tracker.release.xcconfig"; sourceTree = "<group>"; };
		D0103BDD267B897E0079FC3D /* AddMilestoneViewController.swift */ = {isa = PBXFileReference; lastKnownFileType = sourcecode.swift; path = AddMilestoneViewController.swift; sourceTree = "<group>"; };
		D0103BDF268066A80079FC3D /* AddMilestoneTableViewCell.swift */ = {isa = PBXFileReference; fileEncoding = 4; lastKnownFileType = sourcecode.swift; path = AddMilestoneTableViewCell.swift; sourceTree = "<group>"; };
		D03AF8F126771FA3001C2CBF /* Login.storyboard */ = {isa = PBXFileReference; lastKnownFileType = file.storyboard; path = Login.storyboard; sourceTree = "<group>"; };
		D03AF8F32677253C001C2CBF /* IssueFilterViewController.swift */ = {isa = PBXFileReference; fileEncoding = 4; lastKnownFileType = sourcecode.swift; path = IssueFilterViewController.swift; sourceTree = "<group>"; };
		D03AF8F526774707001C2CBF /* UserList.swift */ = {isa = PBXFileReference; lastKnownFileType = sourcecode.swift; path = UserList.swift; sourceTree = "<group>"; };
		D03AF8F726774909001C2CBF /* MilestoneList.swift */ = {isa = PBXFileReference; lastKnownFileType = sourcecode.swift; path = MilestoneList.swift; sourceTree = "<group>"; };
		D03AF8F92677494F001C2CBF /* Comment.swift */ = {isa = PBXFileReference; lastKnownFileType = sourcecode.swift; path = Comment.swift; sourceTree = "<group>"; };
		D04C694D267A35960056DD79 /* MilestoneViewModel.swift */ = {isa = PBXFileReference; lastKnownFileType = sourcecode.swift; path = MilestoneViewModel.swift; sourceTree = "<group>"; };
		D04C6955267B2C560056DD79 /* ToolBarTextField.swift */ = {isa = PBXFileReference; fileEncoding = 4; lastKnownFileType = sourcecode.swift; path = ToolBarTextField.swift; sourceTree = "<group>"; };
		D0A88E0126732D21005877F6 /* NewIssueViewController.swift */ = {isa = PBXFileReference; lastKnownFileType = sourcecode.swift; path = NewIssueViewController.swift; sourceTree = "<group>"; };
		D0A88E03267334A6005877F6 /* IssueDetailViewController.swift */ = {isa = PBXFileReference; lastKnownFileType = sourcecode.swift; path = IssueDetailViewController.swift; sourceTree = "<group>"; };
		D0A88E082674F888005877F6 /* IssueDetailTableViewCell.swift */ = {isa = PBXFileReference; lastKnownFileType = sourcecode.swift; path = IssueDetailTableViewCell.swift; sourceTree = "<group>"; };
		D0A88E0C26762D51005877F6 /* ModalViewController.swift */ = {isa = PBXFileReference; lastKnownFileType = sourcecode.swift; path = ModalViewController.swift; sourceTree = "<group>"; };
		D0A88E0E26765325005877F6 /* UIKit+Extension.swift */ = {isa = PBXFileReference; lastKnownFileType = sourcecode.swift; path = "UIKit+Extension.swift"; sourceTree = "<group>"; };
		D0A88E102676563E005877F6 /* Modal.storyboard */ = {isa = PBXFileReference; lastKnownFileType = file.storyboard; path = Modal.storyboard; sourceTree = "<group>"; };
		D0ADB693266F0A5000E0762C /* Endpoint.swift */ = {isa = PBXFileReference; lastKnownFileType = sourcecode.swift; path = Endpoint.swift; sourceTree = "<group>"; };
		D0ADB698266F0C1300E0762C /* NetworkManager.swift */ = {isa = PBXFileReference; lastKnownFileType = sourcecode.swift; path = NetworkManager.swift; sourceTree = "<group>"; };
		D0ADB6F7266F5BBE00E0762C /* OAuthManager.swift */ = {isa = PBXFileReference; lastKnownFileType = sourcecode.swift; path = OAuthManager.swift; sourceTree = "<group>"; };
		D0DAAE27268071F00075E794 /* NewIssueViewModel.swift */ = {isa = PBXFileReference; lastKnownFileType = sourcecode.swift; path = NewIssueViewModel.swift; sourceTree = "<group>"; };
		D0DAAE292680A8DE0075E794 /* AdditionalInfoViewController.swift */ = {isa = PBXFileReference; lastKnownFileType = sourcecode.swift; path = AdditionalInfoViewController.swift; sourceTree = "<group>"; };
		D0DAAE2B2680E2E20075E794 /* IssueDetailViewModel.swift */ = {isa = PBXFileReference; lastKnownFileType = sourcecode.swift; path = IssueDetailViewModel.swift; sourceTree = "<group>"; };
		D0FD50A9267096C0008C6031 /* MilestoneViewController.swift */ = {isa = PBXFileReference; lastKnownFileType = sourcecode.swift; path = MilestoneViewController.swift; sourceTree = "<group>"; };
		D0FD50BA26709F8B008C6031 /* MilestoneTableViewCell.swift */ = {isa = PBXFileReference; lastKnownFileType = sourcecode.swift; path = MilestoneTableViewCell.swift; sourceTree = "<group>"; };
		D0FD50DB2671AA04008C6031 /* InputView.swift */ = {isa = PBXFileReference; lastKnownFileType = sourcecode.swift; path = InputView.swift; sourceTree = "<group>"; };
		D0FD50F62671B156008C6031 /* LabelTableViewCell.swift */ = {isa = PBXFileReference; fileEncoding = 4; lastKnownFileType = sourcecode.swift; path = LabelTableViewCell.swift; sourceTree = "<group>"; };
		E7F242466FC866CAD16EFF69 /* Pods-issue-tracker.debug.xcconfig */ = {isa = PBXFileReference; includeInIndex = 1; lastKnownFileType = text.xcconfig; name = "Pods-issue-tracker.debug.xcconfig"; path = "Target Support Files/Pods-issue-tracker/Pods-issue-tracker.debug.xcconfig"; sourceTree = "<group>"; };
		F0166F39C919837292E32AEF /* Pods_issue_tracker_issue_trackerUITests.framework */ = {isa = PBXFileReference; explicitFileType = wrapper.framework; includeInIndex = 0; path = Pods_issue_tracker_issue_trackerUITests.framework; sourceTree = BUILT_PRODUCTS_DIR; };
/* End PBXFileReference section */

/* Begin PBXFrameworksBuildPhase section */
		B3B559DA266E095E00901C55 /* Frameworks */ = {
			isa = PBXFrameworksBuildPhase;
			buildActionMask = 2147483647;
			files = (
				D0ADB6D1266F4F3D00E0762C /* RxCocoa in Frameworks */,
				9F61736E94FA27116F3653A8 /* Pods_issue_tracker.framework in Frameworks */,
				D0ADB6D5266F4F3D00E0762C /* RxSwift in Frameworks */,
				D0ADB6CC266F4F1C00E0762C /* Alamofire in Frameworks */,
				B3E01196267A28B2001155D4 /* MarkdownKit in Frameworks */,
				D0ADB6D7266F4F4700E0762C /* SnapKit in Frameworks */,
			);
			runOnlyForDeploymentPostprocessing = 0;
		};
		B3B559F0266E096000901C55 /* Frameworks */ = {
			isa = PBXFrameworksBuildPhase;
			buildActionMask = 2147483647;
			files = (
				8D53899997C8120B27C2FB4A /* Pods_issue_trackerTests.framework in Frameworks */,
			);
			runOnlyForDeploymentPostprocessing = 0;
		};
		B3B559FB266E096000901C55 /* Frameworks */ = {
			isa = PBXFrameworksBuildPhase;
			buildActionMask = 2147483647;
			files = (
				8345AD7BD9CAFAD9A4F8374A /* Pods_issue_tracker_issue_trackerUITests.framework in Frameworks */,
			);
			runOnlyForDeploymentPostprocessing = 0;
		};
/* End PBXFrameworksBuildPhase section */

/* Begin PBXGroup section */
		49903DAC266F558700D2A6DD /* View */ = {
			isa = PBXGroup;
			children = (
				B32FEAC42671DCD200BF37A1 /* IssueList */,
				D0FD50F12671B108008C6031 /* Label */,
				D0FD50ED2671B0E8008C6031 /* Milestone */,
				B3F5274F26709614002B0812 /* Login */,
			);
			path = View;
			sourceTree = "<group>";
		};
		B32FEAC42671DCD200BF37A1 /* IssueList */ = {
			isa = PBXGroup;
			children = (
				D04C6955267B2C560056DD79 /* ToolBarTextField.swift */,
				B3EADAC1267629190007C4B6 /* LabelsCollectionViewCell.swift */,
				B3EADABF267628FB0007C4B6 /* LabelsCollectionView.swift */,
				B3FBA7B626730B9A0006E5E6 /* IssueToolbar.swift */,
				B32FEACD267260E400BF37A1 /* AddIssueButton.swift */,
				B32FEACB26724CF400BF37A1 /* IssueTableFooterView.swift */,
				B32FEAC22671DCB100BF37A1 /* IssueTableViewCell.swift */,
				B32FEAC52671DDA600BF37A1 /* MilestoneView.swift */,
				B32FEAC72671F65F00BF37A1 /* FilterBarButton.swift */,
				B3FBA7B8267335C30006E5E6 /* CancelButton.swift */,
				B32FEAC92671FD1600BF37A1 /* SelectBarButton.swift */,
				D0A88E082674F888005877F6 /* IssueDetailTableViewCell.swift */,
			);
			path = IssueList;
			sourceTree = "<group>";
		};
		B34FF73F267B83C2002D9C56 /* Recovered References */ = {
			isa = PBXGroup;
			children = (
				D0FD50DB2671AA04008C6031 /* InputView.swift */,
			);
			name = "Recovered References";
			sourceTree = "<group>";
		};
		B3A5CB59267840310060DC85 /* ViewModel */ = {
			isa = PBXGroup;
			children = (
				B3A5CB57267840290060DC85 /* LabelListViewModel.swift */,
				B3E01192267A0B44001155D4 /* AddLabelViewModel.swift */,
				D04C694D267A35960056DD79 /* MilestoneViewModel.swift */,
				D0DAAE27268071F00075E794 /* NewIssueViewModel.swift */,
				D0DAAE2B2680E2E20075E794 /* IssueDetailViewModel.swift */,
			);
			path = ViewModel;
			sourceTree = "<group>";
		};
		B3B559D4266E095E00901C55 = {
			isa = PBXGroup;
			children = (
				B3CBD19A267C359500F8D733 /* .swiftlint.yml */,
				B3B559DF266E095E00901C55 /* issue-tracker */,
				B3B559F6266E096000901C55 /* issue-trackerTests */,
				B3B55A01266E096000901C55 /* issue-trackerUITests */,
				B3B559DE266E095E00901C55 /* Products */,
				DD720597B58AE4F3E0B9F4F7 /* Pods */,
				E53A20619409B79F9C593158 /* Frameworks */,
				B34FF73F267B83C2002D9C56 /* Recovered References */,
			);
			sourceTree = "<group>";
		};
		B3B559DE266E095E00901C55 /* Products */ = {
			isa = PBXGroup;
			children = (
				B3B559DD266E095E00901C55 /* issue-tracker.app */,
				B3B559F3266E096000901C55 /* issue-trackerTests.xctest */,
				B3B559FE266E096000901C55 /* issue-trackerUITests.xctest */,
			);
			name = Products;
			sourceTree = "<group>";
		};
		B3B559DF266E095E00901C55 /* issue-tracker */ = {
			isa = PBXGroup;
			children = (
				B3B559EE266E096000901C55 /* Info.plist */,
				B3B559E6266E095E00901C55 /* Main.storyboard */,
				D0ADB68F266F0A2200E0762C /* Supporting Files */,
				B3A5CB59267840310060DC85 /* ViewModel */,
				D0FD50E92671B0AD008C6031 /* Controller */,
				B3F527562670A0D5002B0812 /* Extension */,
				49903DAC266F558700D2A6DD /* View */,
				D0ADB69D266F0E7900E0762C /* Model */,
				D0A88E102676563E005877F6 /* Modal.storyboard */,
				D03AF8F126771FA3001C2CBF /* Login.storyboard */,
			);
			path = "issue-tracker";
			sourceTree = "<group>";
		};
		B3B559F6266E096000901C55 /* issue-trackerTests */ = {
			isa = PBXGroup;
			children = (
				B3B559F7266E096000901C55 /* issue_trackerTests.swift */,
				B3B559F9266E096000901C55 /* Info.plist */,
			);
			path = "issue-trackerTests";
			sourceTree = "<group>";
		};
		B3B55A01266E096000901C55 /* issue-trackerUITests */ = {
			isa = PBXGroup;
			children = (
				B3B55A02266E096000901C55 /* issue_trackerUITests.swift */,
				B3B55A04266E096000901C55 /* Info.plist */,
			);
			path = "issue-trackerUITests";
			sourceTree = "<group>";
		};
		B3D7D0C5267735CF000F02F4 /* UserDTO */ = {
			isa = PBXGroup;
			children = (
				B3D7D0C3267735CC000F02F4 /* IssueList.swift */,
				B3A5CB5A26784AA50060DC85 /* LabelList.swift */,
				D03AF8F92677494F001C2CBF /* Comment.swift */,
				D03AF8F726774909001C2CBF /* MilestoneList.swift */,
				B3D7D0C826773AEA000F02F4 /* NewIssue.swift */,
				D03AF8F526774707001C2CBF /* UserList.swift */,
			);
			path = UserDTO;
			sourceTree = "<group>";
		};
		B3F5274F26709614002B0812 /* Login */ = {
			isa = PBXGroup;
			children = (
				49903DAA266F558300D2A6DD /* LoginView.swift */,
				B349997C266F8D0B0091A44A /* GitHubLoginButton.swift */,
				B349997E266F90710091A44A /* AppleLoginButton.swift */,
				49903DAD266F588B00D2A6DD /* IDPasswordTextField.swift */,
			);
			path = Login;
			sourceTree = "<group>";
		};
		B3F527562670A0D5002B0812 /* Extension */ = {
			isa = PBXGroup;
			children = (
				B3F527542670A0CD002B0812 /* UIColor+HexInit.swift */,
				D0A88E0E26765325005877F6 /* UIKit+Extension.swift */,
			);
			path = Extension;
			sourceTree = "<group>";
		};
		D0ADB68F266F0A2200E0762C /* Supporting Files */ = {
			isa = PBXGroup;
			children = (
				B3B559E0266E095E00901C55 /* AppDelegate.swift */,
				B3B559E2266E095E00901C55 /* SceneDelegate.swift */,
				B3B559E9266E096000901C55 /* Assets.xcassets */,
				B3B559EB266E096000901C55 /* LaunchScreen.storyboard */,
			);
			path = "Supporting Files";
			sourceTree = "<group>";
		};
		D0ADB69D266F0E7900E0762C /* Model */ = {
			isa = PBXGroup;
			children = (
				D0ADB693266F0A5000E0762C /* Endpoint.swift */,
				D0ADB698266F0C1300E0762C /* NetworkManager.swift */,
				D0ADB6F7266F5BBE00E0762C /* OAuthManager.swift */,
				B3D7D0C5267735CF000F02F4 /* UserDTO */,
			);
			path = Model;
			sourceTree = "<group>";
		};
		D0FD50E92671B0AD008C6031 /* Controller */ = {
			isa = PBXGroup;
			children = (
				D0A88E0C26762D51005877F6 /* ModalViewController.swift */,
				B32FEAC02671D9F600BF37A1 /* IssueListViewController.swift */,
				B3B559E4266E095E00901C55 /* LoginViewController.swift */,
				B3F527502670968F002B0812 /* LabelViewController.swift */,
				D0FD50A9267096C0008C6031 /* MilestoneViewController.swift */,
				491F08932679E5410081C5C5 /* AddLabelViewController.swift */,
				D0A88E0126732D21005877F6 /* NewIssueViewController.swift */,
				D0A88E03267334A6005877F6 /* IssueDetailViewController.swift */,
				D03AF8F32677253C001C2CBF /* IssueFilterViewController.swift */,
				D0103BDD267B897E0079FC3D /* AddMilestoneViewController.swift */,
				D0DAAE292680A8DE0075E794 /* AdditionalInfoViewController.swift */,
			);
			path = Controller;
			sourceTree = "<group>";
		};
		D0FD50ED2671B0E8008C6031 /* Milestone */ = {
			isa = PBXGroup;
			children = (
				D0103BDF268066A80079FC3D /* AddMilestoneTableViewCell.swift */,
				D0FD50BA26709F8B008C6031 /* MilestoneTableViewCell.swift */,
			);
			path = Milestone;
			sourceTree = "<group>";
		};
		D0FD50F12671B108008C6031 /* Label */ = {
			isa = PBXGroup;
			children = (
				D0FD50F62671B156008C6031 /* LabelTableViewCell.swift */,
				B3EADABD2675EFED0007C4B6 /* AddLabelButton.swift */,
				B3F5275B2670C0EF002B0812 /* PaddingLabel.swift */,
				B34FF73D267AE9D8002D9C56 /* EstimatedLabelView.swift */,
				B34FF740267B8800002D9C56 /* AddLabelTableViewCell.swift */,
			);
			path = Label;
			sourceTree = "<group>";
		};
		DD720597B58AE4F3E0B9F4F7 /* Pods */ = {
			isa = PBXGroup;
			children = (
				E7F242466FC866CAD16EFF69 /* Pods-issue-tracker.debug.xcconfig */,
				CCF0F131FB8BE0BC0EF7FE4E /* Pods-issue-tracker.release.xcconfig */,
				B2AD0081C0EB261B3FEA9CF7 /* Pods-issue-tracker-issue-trackerUITests.debug.xcconfig */,
				702E8D2AD8B572CC0A3F3F24 /* Pods-issue-tracker-issue-trackerUITests.release.xcconfig */,
				A36EB985C6FE14BAF28D126D /* Pods-issue-trackerTests.debug.xcconfig */,
				3D239EFE5DEB1D1C49840391 /* Pods-issue-trackerTests.release.xcconfig */,
			);
			path = Pods;
			sourceTree = "<group>";
		};
		E53A20619409B79F9C593158 /* Frameworks */ = {
			isa = PBXGroup;
			children = (
				6DCF55CDC3CD94CD2F1208E5 /* Pods_issue_tracker.framework */,
				F0166F39C919837292E32AEF /* Pods_issue_tracker_issue_trackerUITests.framework */,
				57FD79E124256E10A8CD0326 /* Pods_issue_trackerTests.framework */,
			);
			name = Frameworks;
			sourceTree = "<group>";
		};
/* End PBXGroup section */

/* Begin PBXNativeTarget section */
		B3B559DC266E095E00901C55 /* issue-tracker */ = {
			isa = PBXNativeTarget;
			buildConfigurationList = B3B55A07266E096000901C55 /* Build configuration list for PBXNativeTarget "issue-tracker" */;
			buildPhases = (
				7832C29B079856E7286B59E1 /* [CP] Check Pods Manifest.lock */,
				B3B559D9266E095E00901C55 /* Sources */,
				B3B559DA266E095E00901C55 /* Frameworks */,
				B3B559DB266E095E00901C55 /* Resources */,
				B3CBD199267C34F200F8D733 /* ShellScript */,
			);
			buildRules = (
			);
			dependencies = (
			);
			name = "issue-tracker";
			packageProductDependencies = (
				D0ADB6CB266F4F1C00E0762C /* Alamofire */,
				D0ADB6D0266F4F3D00E0762C /* RxCocoa */,
				D0ADB6D4266F4F3D00E0762C /* RxSwift */,
				D0ADB6D6266F4F4700E0762C /* SnapKit */,
				B3E01195267A28B2001155D4 /* MarkdownKit */,
			);
			productName = "issue-tracker";
			productReference = B3B559DD266E095E00901C55 /* issue-tracker.app */;
			productType = "com.apple.product-type.application";
		};
		B3B559F2266E096000901C55 /* issue-trackerTests */ = {
			isa = PBXNativeTarget;
			buildConfigurationList = B3B55A0A266E096000901C55 /* Build configuration list for PBXNativeTarget "issue-trackerTests" */;
			buildPhases = (
				F949EFDA4F0A02CAD51691D6 /* [CP] Check Pods Manifest.lock */,
				B3B559EF266E096000901C55 /* Sources */,
				B3B559F0266E096000901C55 /* Frameworks */,
				B3B559F1266E096000901C55 /* Resources */,
			);
			buildRules = (
			);
			dependencies = (
				B3B559F5266E096000901C55 /* PBXTargetDependency */,
			);
			name = "issue-trackerTests";
			productName = "issue-trackerTests";
			productReference = B3B559F3266E096000901C55 /* issue-trackerTests.xctest */;
			productType = "com.apple.product-type.bundle.unit-test";
		};
		B3B559FD266E096000901C55 /* issue-trackerUITests */ = {
			isa = PBXNativeTarget;
			buildConfigurationList = B3B55A0D266E096000901C55 /* Build configuration list for PBXNativeTarget "issue-trackerUITests" */;
			buildPhases = (
				9F860C2B3B69FA8079113505 /* [CP] Check Pods Manifest.lock */,
				B3B559FA266E096000901C55 /* Sources */,
				B3B559FB266E096000901C55 /* Frameworks */,
				B3B559FC266E096000901C55 /* Resources */,
			);
			buildRules = (
			);
			dependencies = (
				B3B55A00266E096000901C55 /* PBXTargetDependency */,
			);
			name = "issue-trackerUITests";
			productName = "issue-trackerUITests";
			productReference = B3B559FE266E096000901C55 /* issue-trackerUITests.xctest */;
			productType = "com.apple.product-type.bundle.ui-testing";
		};
/* End PBXNativeTarget section */

/* Begin PBXProject section */
		B3B559D5266E095E00901C55 /* Project object */ = {
			isa = PBXProject;
			attributes = {
				LastSwiftUpdateCheck = 1250;
				LastUpgradeCheck = 1250;
				TargetAttributes = {
					B3B559DC266E095E00901C55 = {
						CreatedOnToolsVersion = 12.5;
					};
					B3B559F2266E096000901C55 = {
						CreatedOnToolsVersion = 12.5;
						TestTargetID = B3B559DC266E095E00901C55;
					};
					B3B559FD266E096000901C55 = {
						CreatedOnToolsVersion = 12.5;
						TestTargetID = B3B559DC266E095E00901C55;
					};
				};
			};
			buildConfigurationList = B3B559D8266E095E00901C55 /* Build configuration list for PBXProject "issue-tracker" */;
			compatibilityVersion = "Xcode 9.3";
			developmentRegion = en;
			hasScannedForEncodings = 0;
			knownRegions = (
				en,
				Base,
			);
			mainGroup = B3B559D4266E095E00901C55;
			packageReferences = (
				B3B55A10266E0C8600901C55 /* XCRemoteSwiftPackageReference "Alamofire" */,
				B3B55A13266E0D5600901C55 /* XCRemoteSwiftPackageReference "RxSwift" */,
				B3F50EE7266E12340009C260 /* XCRemoteSwiftPackageReference "SnapKit" */,
				B3E01194267A28B1001155D4 /* XCRemoteSwiftPackageReference "MarkdownKit" */,
			);
			productRefGroup = B3B559DE266E095E00901C55 /* Products */;
			projectDirPath = "";
			projectRoot = "";
			targets = (
				B3B559DC266E095E00901C55 /* issue-tracker */,
				B3B559F2266E096000901C55 /* issue-trackerTests */,
				B3B559FD266E096000901C55 /* issue-trackerUITests */,
			);
		};
/* End PBXProject section */

/* Begin PBXResourcesBuildPhase section */
		B3B559DB266E095E00901C55 /* Resources */ = {
			isa = PBXResourcesBuildPhase;
			buildActionMask = 2147483647;
			files = (
				B3CBD19B267C359500F8D733 /* .swiftlint.yml in Resources */,
				D0A88E112676563E005877F6 /* Modal.storyboard in Resources */,
				B3B559ED266E096000901C55 /* LaunchScreen.storyboard in Resources */,
				B3B559EA266E096000901C55 /* Assets.xcassets in Resources */,
				D03AF8F226771FA3001C2CBF /* Login.storyboard in Resources */,
				B3B559E8266E095E00901C55 /* Main.storyboard in Resources */,
			);
			runOnlyForDeploymentPostprocessing = 0;
		};
		B3B559F1266E096000901C55 /* Resources */ = {
			isa = PBXResourcesBuildPhase;
			buildActionMask = 2147483647;
			files = (
			);
			runOnlyForDeploymentPostprocessing = 0;
		};
		B3B559FC266E096000901C55 /* Resources */ = {
			isa = PBXResourcesBuildPhase;
			buildActionMask = 2147483647;
			files = (
			);
			runOnlyForDeploymentPostprocessing = 0;
		};
/* End PBXResourcesBuildPhase section */

/* Begin PBXShellScriptBuildPhase section */
		7832C29B079856E7286B59E1 /* [CP] Check Pods Manifest.lock */ = {
			isa = PBXShellScriptBuildPhase;
			buildActionMask = 2147483647;
			files = (
			);
			inputFileListPaths = (
			);
			inputPaths = (
				"${PODS_PODFILE_DIR_PATH}/Podfile.lock",
				"${PODS_ROOT}/Manifest.lock",
			);
			name = "[CP] Check Pods Manifest.lock";
			outputFileListPaths = (
			);
			outputPaths = (
				"$(DERIVED_FILE_DIR)/Pods-issue-tracker-checkManifestLockResult.txt",
			);
			runOnlyForDeploymentPostprocessing = 0;
			shellPath = /bin/sh;
			shellScript = "diff \"${PODS_PODFILE_DIR_PATH}/Podfile.lock\" \"${PODS_ROOT}/Manifest.lock\" > /dev/null\nif [ $? != 0 ] ; then\n    # print error to STDERR\n    echo \"error: The sandbox is not in sync with the Podfile.lock. Run 'pod install' or update your CocoaPods installation.\" >&2\n    exit 1\nfi\n# This output is used by Xcode 'outputs' to avoid re-running this script phase.\necho \"SUCCESS\" > \"${SCRIPT_OUTPUT_FILE_0}\"\n";
			showEnvVarsInLog = 0;
		};
		9F860C2B3B69FA8079113505 /* [CP] Check Pods Manifest.lock */ = {
			isa = PBXShellScriptBuildPhase;
			buildActionMask = 2147483647;
			files = (
			);
			inputFileListPaths = (
			);
			inputPaths = (
				"${PODS_PODFILE_DIR_PATH}/Podfile.lock",
				"${PODS_ROOT}/Manifest.lock",
			);
			name = "[CP] Check Pods Manifest.lock";
			outputFileListPaths = (
			);
			outputPaths = (
				"$(DERIVED_FILE_DIR)/Pods-issue-tracker-issue-trackerUITests-checkManifestLockResult.txt",
			);
			runOnlyForDeploymentPostprocessing = 0;
			shellPath = /bin/sh;
			shellScript = "diff \"${PODS_PODFILE_DIR_PATH}/Podfile.lock\" \"${PODS_ROOT}/Manifest.lock\" > /dev/null\nif [ $? != 0 ] ; then\n    # print error to STDERR\n    echo \"error: The sandbox is not in sync with the Podfile.lock. Run 'pod install' or update your CocoaPods installation.\" >&2\n    exit 1\nfi\n# This output is used by Xcode 'outputs' to avoid re-running this script phase.\necho \"SUCCESS\" > \"${SCRIPT_OUTPUT_FILE_0}\"\n";
			showEnvVarsInLog = 0;
		};
		B3CBD199267C34F200F8D733 /* ShellScript */ = {
			isa = PBXShellScriptBuildPhase;
			buildActionMask = 2147483647;
			files = (
			);
			inputFileListPaths = (
			);
			inputPaths = (
			);
			outputFileListPaths = (
			);
			outputPaths = (
			);
			runOnlyForDeploymentPostprocessing = 0;
			shellPath = /bin/sh;
			shellScript = "${PODS_ROOT}/SwiftLint/swiftlint\n";
		};
		F949EFDA4F0A02CAD51691D6 /* [CP] Check Pods Manifest.lock */ = {
			isa = PBXShellScriptBuildPhase;
			buildActionMask = 2147483647;
			files = (
			);
			inputFileListPaths = (
			);
			inputPaths = (
				"${PODS_PODFILE_DIR_PATH}/Podfile.lock",
				"${PODS_ROOT}/Manifest.lock",
			);
			name = "[CP] Check Pods Manifest.lock";
			outputFileListPaths = (
			);
			outputPaths = (
				"$(DERIVED_FILE_DIR)/Pods-issue-trackerTests-checkManifestLockResult.txt",
			);
			runOnlyForDeploymentPostprocessing = 0;
			shellPath = /bin/sh;
			shellScript = "diff \"${PODS_PODFILE_DIR_PATH}/Podfile.lock\" \"${PODS_ROOT}/Manifest.lock\" > /dev/null\nif [ $? != 0 ] ; then\n    # print error to STDERR\n    echo \"error: The sandbox is not in sync with the Podfile.lock. Run 'pod install' or update your CocoaPods installation.\" >&2\n    exit 1\nfi\n# This output is used by Xcode 'outputs' to avoid re-running this script phase.\necho \"SUCCESS\" > \"${SCRIPT_OUTPUT_FILE_0}\"\n";
			showEnvVarsInLog = 0;
		};
/* End PBXShellScriptBuildPhase section */

/* Begin PBXSourcesBuildPhase section */
		B3B559D9266E095E00901C55 /* Sources */ = {
			isa = PBXSourcesBuildPhase;
			buildActionMask = 2147483647;
			files = (
				B3F527512670968F002B0812 /* LabelViewController.swift in Sources */,
				D0A88E0226732D21005877F6 /* NewIssueViewController.swift in Sources */,
				B3FBA7B726730B9A0006E5E6 /* IssueToolbar.swift in Sources */,
				D0FD509E26708DDE008C6031 /* LoginViewController.swift in Sources */,
				B32FEACC26724CF400BF37A1 /* IssueTableFooterView.swift in Sources */,
				B3A5CB5B26784AA50060DC85 /* LabelList.swift in Sources */,
				B3EADABE2675EFED0007C4B6 /* AddLabelButton.swift in Sources */,
				491F08942679E5420081C5C5 /* AddLabelViewController.swift in Sources */,
				B32FEAC12671D9F600BF37A1 /* IssueListViewController.swift in Sources */,
				B32FEACA2671FD1600BF37A1 /* SelectBarButton.swift in Sources */,
				D0A88E0F26765325005877F6 /* UIKit+Extension.swift in Sources */,
				B3F5275C2670C0EF002B0812 /* PaddingLabel.swift in Sources */,
				B3A5CB58267840290060DC85 /* LabelListViewModel.swift in Sources */,
				B32FEAC32671DCB100BF37A1 /* IssueTableViewCell.swift in Sources */,
				49903DAB266F558300D2A6DD /* LoginView.swift in Sources */,
				D0FD50F72671B156008C6031 /* LabelTableViewCell.swift in Sources */,
				D04C6956267B2C560056DD79 /* ToolBarTextField.swift in Sources */,
				D0DAAE28268071F00075E794 /* NewIssueViewModel.swift in Sources */,
				B32FEACE267260E400BF37A1 /* AddIssueButton.swift in Sources */,
				B34FF741267B8800002D9C56 /* AddLabelTableViewCell.swift in Sources */,
				49903DAE266F588B00D2A6DD /* IDPasswordTextField.swift in Sources */,
				B349997D266F8D0B0091A44A /* GitHubLoginButton.swift in Sources */,
				D0103BE0268066A80079FC3D /* AddMilestoneTableViewCell.swift in Sources */,
				B3F527552670A0CD002B0812 /* UIColor+HexInit.swift in Sources */,
				D03AF8F626774707001C2CBF /* UserList.swift in Sources */,
				B349997F266F90710091A44A /* AppleLoginButton.swift in Sources */,
				D0A88E04267334A6005877F6 /* IssueDetailViewController.swift in Sources */,
				B32FEAC82671F65F00BF37A1 /* FilterBarButton.swift in Sources */,
				D04C694E267A35960056DD79 /* MilestoneViewModel.swift in Sources */,
				D0ADB6F8266F5BBE00E0762C /* OAuthManager.swift in Sources */,
				B3B559E1266E095E00901C55 /* AppDelegate.swift in Sources */,
				D0A88E0D26762D51005877F6 /* ModalViewController.swift in Sources */,
				D0103BDE267B897E0079FC3D /* AddMilestoneViewController.swift in Sources */,
				D0A88E092674F888005877F6 /* IssueDetailTableViewCell.swift in Sources */,
				B3D7D0C4267735CC000F02F4 /* IssueList.swift in Sources */,
				D0ADB699266F0C1300E0762C /* NetworkManager.swift in Sources */,
				B3FBA7B9267335C30006E5E6 /* CancelButton.swift in Sources */,
				D03AF8FA2677494F001C2CBF /* Comment.swift in Sources */,
				B34FF73E267AE9D8002D9C56 /* EstimatedLabelView.swift in Sources */,
				D03AF8F42677253C001C2CBF /* IssueFilterViewController.swift in Sources */,
				D0ADB694266F0A5000E0762C /* Endpoint.swift in Sources */,
				B3D7D0C926773AEA000F02F4 /* NewIssue.swift in Sources */,
				B3B559E3266E095E00901C55 /* SceneDelegate.swift in Sources */,
				B3E01193267A0B44001155D4 /* AddLabelViewModel.swift in Sources */,
				B32FEAC62671DDA600BF37A1 /* MilestoneView.swift in Sources */,
				D0DAAE2C2680E2E20075E794 /* IssueDetailViewModel.swift in Sources */,
				B3EADAC0267628FB0007C4B6 /* LabelsCollectionView.swift in Sources */,
				B3EADAC2267629190007C4B6 /* LabelsCollectionViewCell.swift in Sources */,
				D0DAAE2A2680A8DE0075E794 /* AdditionalInfoViewController.swift in Sources */,
				D0FD50AA267096C0008C6031 /* MilestoneViewController.swift in Sources */,
				D0FD50BB26709F8B008C6031 /* MilestoneTableViewCell.swift in Sources */,
				D03AF8F826774909001C2CBF /* MilestoneList.swift in Sources */,
			);
			runOnlyForDeploymentPostprocessing = 0;
		};
		B3B559EF266E096000901C55 /* Sources */ = {
			isa = PBXSourcesBuildPhase;
			buildActionMask = 2147483647;
			files = (
				B3B559F8266E096000901C55 /* issue_trackerTests.swift in Sources */,
			);
			runOnlyForDeploymentPostprocessing = 0;
		};
		B3B559FA266E096000901C55 /* Sources */ = {
			isa = PBXSourcesBuildPhase;
			buildActionMask = 2147483647;
			files = (
				B3B55A03266E096000901C55 /* issue_trackerUITests.swift in Sources */,
			);
			runOnlyForDeploymentPostprocessing = 0;
		};
/* End PBXSourcesBuildPhase section */

/* Begin PBXTargetDependency section */
		B3B559F5266E096000901C55 /* PBXTargetDependency */ = {
			isa = PBXTargetDependency;
			target = B3B559DC266E095E00901C55 /* issue-tracker */;
			targetProxy = B3B559F4266E096000901C55 /* PBXContainerItemProxy */;
		};
		B3B55A00266E096000901C55 /* PBXTargetDependency */ = {
			isa = PBXTargetDependency;
			target = B3B559DC266E095E00901C55 /* issue-tracker */;
			targetProxy = B3B559FF266E096000901C55 /* PBXContainerItemProxy */;
		};
/* End PBXTargetDependency section */

/* Begin PBXVariantGroup section */
		B3B559E6266E095E00901C55 /* Main.storyboard */ = {
			isa = PBXVariantGroup;
			children = (
				B3B559E7266E095E00901C55 /* Base */,
			);
			name = Main.storyboard;
			sourceTree = "<group>";
		};
		B3B559EB266E096000901C55 /* LaunchScreen.storyboard */ = {
			isa = PBXVariantGroup;
			children = (
				B3B559EC266E096000901C55 /* Base */,
			);
			name = LaunchScreen.storyboard;
			sourceTree = "<group>";
		};
/* End PBXVariantGroup section */

/* Begin XCBuildConfiguration section */
		B3B55A05266E096000901C55 /* Debug */ = {
			isa = XCBuildConfiguration;
			buildSettings = {
				ALWAYS_SEARCH_USER_PATHS = NO;
				CLANG_ANALYZER_NONNULL = YES;
				CLANG_ANALYZER_NUMBER_OBJECT_CONVERSION = YES_AGGRESSIVE;
				CLANG_CXX_LANGUAGE_STANDARD = "gnu++14";
				CLANG_CXX_LIBRARY = "libc++";
				CLANG_ENABLE_MODULES = YES;
				CLANG_ENABLE_OBJC_ARC = YES;
				CLANG_ENABLE_OBJC_WEAK = YES;
				CLANG_WARN_BLOCK_CAPTURE_AUTORELEASING = YES;
				CLANG_WARN_BOOL_CONVERSION = YES;
				CLANG_WARN_COMMA = YES;
				CLANG_WARN_CONSTANT_CONVERSION = YES;
				CLANG_WARN_DEPRECATED_OBJC_IMPLEMENTATIONS = YES;
				CLANG_WARN_DIRECT_OBJC_ISA_USAGE = YES_ERROR;
				CLANG_WARN_DOCUMENTATION_COMMENTS = YES;
				CLANG_WARN_EMPTY_BODY = YES;
				CLANG_WARN_ENUM_CONVERSION = YES;
				CLANG_WARN_INFINITE_RECURSION = YES;
				CLANG_WARN_INT_CONVERSION = YES;
				CLANG_WARN_NON_LITERAL_NULL_CONVERSION = YES;
				CLANG_WARN_OBJC_IMPLICIT_RETAIN_SELF = YES;
				CLANG_WARN_OBJC_LITERAL_CONVERSION = YES;
				CLANG_WARN_OBJC_ROOT_CLASS = YES_ERROR;
				CLANG_WARN_QUOTED_INCLUDE_IN_FRAMEWORK_HEADER = YES;
				CLANG_WARN_RANGE_LOOP_ANALYSIS = YES;
				CLANG_WARN_STRICT_PROTOTYPES = YES;
				CLANG_WARN_SUSPICIOUS_MOVE = YES;
				CLANG_WARN_UNGUARDED_AVAILABILITY = YES_AGGRESSIVE;
				CLANG_WARN_UNREACHABLE_CODE = YES;
				CLANG_WARN__DUPLICATE_METHOD_MATCH = YES;
				COPY_PHASE_STRIP = NO;
				DEBUG_INFORMATION_FORMAT = dwarf;
				ENABLE_STRICT_OBJC_MSGSEND = YES;
				ENABLE_TESTABILITY = YES;
				GCC_C_LANGUAGE_STANDARD = gnu11;
				GCC_DYNAMIC_NO_PIC = NO;
				GCC_NO_COMMON_BLOCKS = YES;
				GCC_OPTIMIZATION_LEVEL = 0;
				GCC_PREPROCESSOR_DEFINITIONS = (
					"DEBUG=1",
					"$(inherited)",
				);
				GCC_WARN_64_TO_32_BIT_CONVERSION = YES;
				GCC_WARN_ABOUT_RETURN_TYPE = YES_ERROR;
				GCC_WARN_UNDECLARED_SELECTOR = YES;
				GCC_WARN_UNINITIALIZED_AUTOS = YES_AGGRESSIVE;
				GCC_WARN_UNUSED_FUNCTION = YES;
				GCC_WARN_UNUSED_VARIABLE = YES;
				IPHONEOS_DEPLOYMENT_TARGET = 13.0;
				MTL_ENABLE_DEBUG_INFO = INCLUDE_SOURCE;
				MTL_FAST_MATH = YES;
				ONLY_ACTIVE_ARCH = YES;
				SDKROOT = iphoneos;
				SWIFT_ACTIVE_COMPILATION_CONDITIONS = DEBUG;
				SWIFT_OPTIMIZATION_LEVEL = "-Onone";
			};
			name = Debug;
		};
		B3B55A06266E096000901C55 /* Release */ = {
			isa = XCBuildConfiguration;
			buildSettings = {
				ALWAYS_SEARCH_USER_PATHS = NO;
				CLANG_ANALYZER_NONNULL = YES;
				CLANG_ANALYZER_NUMBER_OBJECT_CONVERSION = YES_AGGRESSIVE;
				CLANG_CXX_LANGUAGE_STANDARD = "gnu++14";
				CLANG_CXX_LIBRARY = "libc++";
				CLANG_ENABLE_MODULES = YES;
				CLANG_ENABLE_OBJC_ARC = YES;
				CLANG_ENABLE_OBJC_WEAK = YES;
				CLANG_WARN_BLOCK_CAPTURE_AUTORELEASING = YES;
				CLANG_WARN_BOOL_CONVERSION = YES;
				CLANG_WARN_COMMA = YES;
				CLANG_WARN_CONSTANT_CONVERSION = YES;
				CLANG_WARN_DEPRECATED_OBJC_IMPLEMENTATIONS = YES;
				CLANG_WARN_DIRECT_OBJC_ISA_USAGE = YES_ERROR;
				CLANG_WARN_DOCUMENTATION_COMMENTS = YES;
				CLANG_WARN_EMPTY_BODY = YES;
				CLANG_WARN_ENUM_CONVERSION = YES;
				CLANG_WARN_INFINITE_RECURSION = YES;
				CLANG_WARN_INT_CONVERSION = YES;
				CLANG_WARN_NON_LITERAL_NULL_CONVERSION = YES;
				CLANG_WARN_OBJC_IMPLICIT_RETAIN_SELF = YES;
				CLANG_WARN_OBJC_LITERAL_CONVERSION = YES;
				CLANG_WARN_OBJC_ROOT_CLASS = YES_ERROR;
				CLANG_WARN_QUOTED_INCLUDE_IN_FRAMEWORK_HEADER = YES;
				CLANG_WARN_RANGE_LOOP_ANALYSIS = YES;
				CLANG_WARN_STRICT_PROTOTYPES = YES;
				CLANG_WARN_SUSPICIOUS_MOVE = YES;
				CLANG_WARN_UNGUARDED_AVAILABILITY = YES_AGGRESSIVE;
				CLANG_WARN_UNREACHABLE_CODE = YES;
				CLANG_WARN__DUPLICATE_METHOD_MATCH = YES;
				COPY_PHASE_STRIP = NO;
				DEBUG_INFORMATION_FORMAT = "dwarf-with-dsym";
				ENABLE_NS_ASSERTIONS = NO;
				ENABLE_STRICT_OBJC_MSGSEND = YES;
				GCC_C_LANGUAGE_STANDARD = gnu11;
				GCC_NO_COMMON_BLOCKS = YES;
				GCC_WARN_64_TO_32_BIT_CONVERSION = YES;
				GCC_WARN_ABOUT_RETURN_TYPE = YES_ERROR;
				GCC_WARN_UNDECLARED_SELECTOR = YES;
				GCC_WARN_UNINITIALIZED_AUTOS = YES_AGGRESSIVE;
				GCC_WARN_UNUSED_FUNCTION = YES;
				GCC_WARN_UNUSED_VARIABLE = YES;
				IPHONEOS_DEPLOYMENT_TARGET = 13.0;
				MTL_ENABLE_DEBUG_INFO = NO;
				MTL_FAST_MATH = YES;
				SDKROOT = iphoneos;
				SWIFT_COMPILATION_MODE = wholemodule;
				SWIFT_OPTIMIZATION_LEVEL = "-O";
				VALIDATE_PRODUCT = YES;
			};
			name = Release;
		};
		B3B55A08266E096000901C55 /* Debug */ = {
			isa = XCBuildConfiguration;
			baseConfigurationReference = E7F242466FC866CAD16EFF69 /* Pods-issue-tracker.debug.xcconfig */;
			buildSettings = {
				ASSETCATALOG_COMPILER_APPICON_NAME = AppIcon;
				ASSETCATALOG_COMPILER_GLOBAL_ACCENT_COLOR_NAME = AccentColor;
				CODE_SIGN_STYLE = Automatic;
				DEVELOPMENT_TEAM = B3PWYBKFUK;
				INFOPLIST_FILE = "issue-tracker/Info.plist";
				LD_RUNPATH_SEARCH_PATHS = (
					"$(inherited)",
					"@executable_path/Frameworks",
				);
				PRODUCT_BUNDLE_IDENTIFIER = "zeke.issue-tracker";
				PRODUCT_NAME = "$(TARGET_NAME)";
				SWIFT_VERSION = 5.0;
				TARGETED_DEVICE_FAMILY = "1,2";
			};
			name = Debug;
		};
		B3B55A09266E096000901C55 /* Release */ = {
			isa = XCBuildConfiguration;
			baseConfigurationReference = CCF0F131FB8BE0BC0EF7FE4E /* Pods-issue-tracker.release.xcconfig */;
			buildSettings = {
				ASSETCATALOG_COMPILER_APPICON_NAME = AppIcon;
				ASSETCATALOG_COMPILER_GLOBAL_ACCENT_COLOR_NAME = AccentColor;
				CODE_SIGN_STYLE = Automatic;
				DEVELOPMENT_TEAM = B3PWYBKFUK;
				INFOPLIST_FILE = "issue-tracker/Info.plist";
				LD_RUNPATH_SEARCH_PATHS = (
					"$(inherited)",
					"@executable_path/Frameworks",
				);
				PRODUCT_BUNDLE_IDENTIFIER = "zeke.issue-tracker";
				PRODUCT_NAME = "$(TARGET_NAME)";
				SWIFT_VERSION = 5.0;
				TARGETED_DEVICE_FAMILY = "1,2";
			};
			name = Release;
		};
		B3B55A0B266E096000901C55 /* Debug */ = {
			isa = XCBuildConfiguration;
			baseConfigurationReference = A36EB985C6FE14BAF28D126D /* Pods-issue-trackerTests.debug.xcconfig */;
			buildSettings = {
				ALWAYS_EMBED_SWIFT_STANDARD_LIBRARIES = YES;
				BUNDLE_LOADER = "$(TEST_HOST)";
				CODE_SIGN_STYLE = Automatic;
				DEVELOPMENT_TEAM = B3PWYBKFUK;
				INFOPLIST_FILE = "issue-trackerTests/Info.plist";
				IPHONEOS_DEPLOYMENT_TARGET = 13.0;
				LD_RUNPATH_SEARCH_PATHS = (
					"$(inherited)",
					"@executable_path/Frameworks",
					"@loader_path/Frameworks",
				);
				PRODUCT_BUNDLE_IDENTIFIER = "zeke.issue-trackerTests";
				PRODUCT_NAME = "$(TARGET_NAME)";
				SWIFT_VERSION = 5.0;
				TARGETED_DEVICE_FAMILY = "1,2";
				TEST_HOST = "$(BUILT_PRODUCTS_DIR)/issue-tracker.app/issue-tracker";
			};
			name = Debug;
		};
		B3B55A0C266E096000901C55 /* Release */ = {
			isa = XCBuildConfiguration;
			baseConfigurationReference = 3D239EFE5DEB1D1C49840391 /* Pods-issue-trackerTests.release.xcconfig */;
			buildSettings = {
				ALWAYS_EMBED_SWIFT_STANDARD_LIBRARIES = YES;
				BUNDLE_LOADER = "$(TEST_HOST)";
				CODE_SIGN_STYLE = Automatic;
				DEVELOPMENT_TEAM = B3PWYBKFUK;
				INFOPLIST_FILE = "issue-trackerTests/Info.plist";
				IPHONEOS_DEPLOYMENT_TARGET = 13.0;
				LD_RUNPATH_SEARCH_PATHS = (
					"$(inherited)",
					"@executable_path/Frameworks",
					"@loader_path/Frameworks",
				);
				PRODUCT_BUNDLE_IDENTIFIER = "zeke.issue-trackerTests";
				PRODUCT_NAME = "$(TARGET_NAME)";
				SWIFT_VERSION = 5.0;
				TARGETED_DEVICE_FAMILY = "1,2";
				TEST_HOST = "$(BUILT_PRODUCTS_DIR)/issue-tracker.app/issue-tracker";
			};
			name = Release;
		};
		B3B55A0E266E096000901C55 /* Debug */ = {
			isa = XCBuildConfiguration;
			baseConfigurationReference = B2AD0081C0EB261B3FEA9CF7 /* Pods-issue-tracker-issue-trackerUITests.debug.xcconfig */;
			buildSettings = {
				ALWAYS_EMBED_SWIFT_STANDARD_LIBRARIES = YES;
				CODE_SIGN_STYLE = Automatic;
				DEVELOPMENT_TEAM = B3PWYBKFUK;
				INFOPLIST_FILE = "issue-trackerUITests/Info.plist";
				LD_RUNPATH_SEARCH_PATHS = (
					"$(inherited)",
					"@executable_path/Frameworks",
					"@loader_path/Frameworks",
				);
				PRODUCT_BUNDLE_IDENTIFIER = "zeke.issue-trackerUITests";
				PRODUCT_NAME = "$(TARGET_NAME)";
				SWIFT_VERSION = 5.0;
				TARGETED_DEVICE_FAMILY = "1,2";
				TEST_TARGET_NAME = "issue-tracker";
			};
			name = Debug;
		};
		B3B55A0F266E096000901C55 /* Release */ = {
			isa = XCBuildConfiguration;
			baseConfigurationReference = 702E8D2AD8B572CC0A3F3F24 /* Pods-issue-tracker-issue-trackerUITests.release.xcconfig */;
			buildSettings = {
				ALWAYS_EMBED_SWIFT_STANDARD_LIBRARIES = YES;
				CODE_SIGN_STYLE = Automatic;
				DEVELOPMENT_TEAM = B3PWYBKFUK;
				INFOPLIST_FILE = "issue-trackerUITests/Info.plist";
				LD_RUNPATH_SEARCH_PATHS = (
					"$(inherited)",
					"@executable_path/Frameworks",
					"@loader_path/Frameworks",
				);
				PRODUCT_BUNDLE_IDENTIFIER = "zeke.issue-trackerUITests";
				PRODUCT_NAME = "$(TARGET_NAME)";
				SWIFT_VERSION = 5.0;
				TARGETED_DEVICE_FAMILY = "1,2";
				TEST_TARGET_NAME = "issue-tracker";
			};
			name = Release;
		};
/* End XCBuildConfiguration section */

/* Begin XCConfigurationList section */
		B3B559D8266E095E00901C55 /* Build configuration list for PBXProject "issue-tracker" */ = {
			isa = XCConfigurationList;
			buildConfigurations = (
				B3B55A05266E096000901C55 /* Debug */,
				B3B55A06266E096000901C55 /* Release */,
			);
			defaultConfigurationIsVisible = 0;
			defaultConfigurationName = Release;
		};
		B3B55A07266E096000901C55 /* Build configuration list for PBXNativeTarget "issue-tracker" */ = {
			isa = XCConfigurationList;
			buildConfigurations = (
				B3B55A08266E096000901C55 /* Debug */,
				B3B55A09266E096000901C55 /* Release */,
			);
			defaultConfigurationIsVisible = 0;
			defaultConfigurationName = Release;
		};
		B3B55A0A266E096000901C55 /* Build configuration list for PBXNativeTarget "issue-trackerTests" */ = {
			isa = XCConfigurationList;
			buildConfigurations = (
				B3B55A0B266E096000901C55 /* Debug */,
				B3B55A0C266E096000901C55 /* Release */,
			);
			defaultConfigurationIsVisible = 0;
			defaultConfigurationName = Release;
		};
		B3B55A0D266E096000901C55 /* Build configuration list for PBXNativeTarget "issue-trackerUITests" */ = {
			isa = XCConfigurationList;
			buildConfigurations = (
				B3B55A0E266E096000901C55 /* Debug */,
				B3B55A0F266E096000901C55 /* Release */,
			);
			defaultConfigurationIsVisible = 0;
			defaultConfigurationName = Release;
		};
/* End XCConfigurationList section */

/* Begin XCRemoteSwiftPackageReference section */
		B3B55A10266E0C8600901C55 /* XCRemoteSwiftPackageReference "Alamofire" */ = {
			isa = XCRemoteSwiftPackageReference;
			repositoryURL = "https://github.com/Alamofire/Alamofire.git";
			requirement = {
				kind = upToNextMajorVersion;
				minimumVersion = 5.4.3;
			};
		};
		B3B55A13266E0D5600901C55 /* XCRemoteSwiftPackageReference "RxSwift" */ = {
			isa = XCRemoteSwiftPackageReference;
			repositoryURL = "https://github.com/ReactiveX/RxSwift.git";
			requirement = {
				kind = upToNextMajorVersion;
				minimumVersion = 6.2.0;
			};
		};
		B3E01194267A28B1001155D4 /* XCRemoteSwiftPackageReference "MarkdownKit" */ = {
			isa = XCRemoteSwiftPackageReference;
			repositoryURL = "https://github.com/bmoliveira/MarkdownKit";
			requirement = {
				kind = upToNextMajorVersion;
				minimumVersion = 1.7.0;
			};
		};
		B3F50EE7266E12340009C260 /* XCRemoteSwiftPackageReference "SnapKit" */ = {
			isa = XCRemoteSwiftPackageReference;
			repositoryURL = "https://github.com/SnapKit/SnapKit.git";
			requirement = {
				kind = upToNextMajorVersion;
				minimumVersion = 5.0.1;
			};
		};
/* End XCRemoteSwiftPackageReference section */

/* Begin XCSwiftPackageProductDependency section */
		B3E01195267A28B2001155D4 /* MarkdownKit */ = {
			isa = XCSwiftPackageProductDependency;
			package = B3E01194267A28B1001155D4 /* XCRemoteSwiftPackageReference "MarkdownKit" */;
			productName = MarkdownKit;
		};
		D0ADB6CB266F4F1C00E0762C /* Alamofire */ = {
			isa = XCSwiftPackageProductDependency;
			package = B3B55A10266E0C8600901C55 /* XCRemoteSwiftPackageReference "Alamofire" */;
			productName = Alamofire;
		};
		D0ADB6D0266F4F3D00E0762C /* RxCocoa */ = {
			isa = XCSwiftPackageProductDependency;
			package = B3B55A13266E0D5600901C55 /* XCRemoteSwiftPackageReference "RxSwift" */;
			productName = RxCocoa;
		};
		D0ADB6D4266F4F3D00E0762C /* RxSwift */ = {
			isa = XCSwiftPackageProductDependency;
			package = B3B55A13266E0D5600901C55 /* XCRemoteSwiftPackageReference "RxSwift" */;
			productName = RxSwift;
		};
		D0ADB6D6266F4F4700E0762C /* SnapKit */ = {
			isa = XCSwiftPackageProductDependency;
			package = B3F50EE7266E12340009C260 /* XCRemoteSwiftPackageReference "SnapKit" */;
			productName = SnapKit;
		};
/* End XCSwiftPackageProductDependency section */
	};
	rootObject = B3B559D5266E095E00901C55 /* Project object */;
}
