// !$*UTF8*$!
{
	archiveVersion = 1;
	classes = {
	};
	objectVersion = 50;
	objects = {

/* Begin PBXBuildFile section */
		E42AD0FE266E52FB0071B436 /* AppDelegate.swift in Sources */ = {isa = PBXBuildFile; fileRef = E42AD0FD266E52FB0071B436 /* AppDelegate.swift */; };
		E42AD100266E52FB0071B436 /* SceneDelegate.swift in Sources */ = {isa = PBXBuildFile; fileRef = E42AD0FF266E52FB0071B436 /* SceneDelegate.swift */; };
		E42AD102266E52FB0071B436 /* LoginViewController.swift in Sources */ = {isa = PBXBuildFile; fileRef = E42AD101266E52FB0071B436 /* LoginViewController.swift */; };
		E42AD105266E52FB0071B436 /* Main.storyboard in Resources */ = {isa = PBXBuildFile; fileRef = E42AD103266E52FB0071B436 /* Main.storyboard */; };
		E42AD107266E52FE0071B436 /* Assets.xcassets in Resources */ = {isa = PBXBuildFile; fileRef = E42AD106266E52FE0071B436 /* Assets.xcassets */; };
		E42AD10A266E52FE0071B436 /* LaunchScreen.storyboard in Resources */ = {isa = PBXBuildFile; fileRef = E42AD108266E52FE0071B436 /* LaunchScreen.storyboard */; };
		FAEB30AC266F5E9700C17BE9 /* Colors.swift in Sources */ = {isa = PBXBuildFile; fileRef = FAEB30AB266F5E9700C17BE9 /* Colors.swift */; };
/* End PBXBuildFile section */

/* Begin PBXFileReference section */
		E42AD0FA266E52FB0071B436 /* issue-tracker.app */ = {isa = PBXFileReference; explicitFileType = wrapper.application; includeInIndex = 0; path = "issue-tracker.app"; sourceTree = BUILT_PRODUCTS_DIR; };
		E42AD0FD266E52FB0071B436 /* AppDelegate.swift */ = {isa = PBXFileReference; lastKnownFileType = sourcecode.swift; path = AppDelegate.swift; sourceTree = "<group>"; };
		E42AD0FF266E52FB0071B436 /* SceneDelegate.swift */ = {isa = PBXFileReference; lastKnownFileType = sourcecode.swift; path = SceneDelegate.swift; sourceTree = "<group>"; };
		E42AD101266E52FB0071B436 /* LoginViewController.swift */ = {isa = PBXFileReference; lastKnownFileType = sourcecode.swift; path = LoginViewController.swift; sourceTree = "<group>"; };
		E42AD104266E52FB0071B436 /* Base */ = {isa = PBXFileReference; lastKnownFileType = file.storyboard; name = Base; path = Base.lproj/Main.storyboard; sourceTree = "<group>"; };
		E42AD106266E52FE0071B436 /* Assets.xcassets */ = {isa = PBXFileReference; lastKnownFileType = folder.assetcatalog; path = Assets.xcassets; sourceTree = "<group>"; };
		E42AD109266E52FE0071B436 /* Base */ = {isa = PBXFileReference; lastKnownFileType = file.storyboard; name = Base; path = Base.lproj/LaunchScreen.storyboard; sourceTree = "<group>"; };
		E42AD10B266E52FE0071B436 /* Info.plist */ = {isa = PBXFileReference; lastKnownFileType = text.plist.xml; path = Info.plist; sourceTree = "<group>"; };
		FAEB30AB266F5E9700C17BE9 /* Colors.swift */ = {isa = PBXFileReference; lastKnownFileType = sourcecode.swift; path = Colors.swift; sourceTree = "<group>"; };
/* End PBXFileReference section */

/* Begin PBXFrameworksBuildPhase section */
		E42AD0F7266E52FB0071B436 /* Frameworks */ = {
			isa = PBXFrameworksBuildPhase;
			buildActionMask = 2147483647;
			files = (
			);
			runOnlyForDeploymentPostprocessing = 0;
		};
/* End PBXFrameworksBuildPhase section */

/* Begin PBXGroup section */
		E42AD0F1266E52FB0071B436 = {
			isa = PBXGroup;
			children = (
				E42AD0FC266E52FB0071B436 /* issue-tracker */,
				E42AD0FB266E52FB0071B436 /* Products */,
			);
			sourceTree = "<group>";
		};
		E42AD0FB266E52FB0071B436 /* Products */ = {
			isa = PBXGroup;
			children = (
				E42AD0FA266E52FB0071B436 /* issue-tracker.app */,
			);
			name = Products;
			sourceTree = "<group>";
		};
		E42AD0FC266E52FB0071B436 /* issue-tracker */ = {
			isa = PBXGroup;
			children = (
				E42AD111266E530F0071B436 /* LifeCycle */,
				E42AD101266E52FB0071B436 /* LoginViewController.swift */,
				E42AD103266E52FB0071B436 /* Main.storyboard */,
				E42AD106266E52FE0071B436 /* Assets.xcassets */,
				E42AD108266E52FE0071B436 /* LaunchScreen.storyboard */,
				E42AD10B266E52FE0071B436 /* Info.plist */,
				FAEB30AB266F5E9700C17BE9 /* Colors.swift */,
			);
			path = "issue-tracker";
			sourceTree = "<group>";
		};
		E42AD111266E530F0071B436 /* LifeCycle */ = {
			isa = PBXGroup;
			children = (
				E42AD0FD266E52FB0071B436 /* AppDelegate.swift */,
				E42AD0FF266E52FB0071B436 /* SceneDelegate.swift */,
			);
			path = LifeCycle;
			sourceTree = "<group>";
		};
/* End PBXGroup section */

/* Begin PBXNativeTarget section */
		E42AD0F9266E52FB0071B436 /* issue-tracker */ = {
			isa = PBXNativeTarget;
			buildConfigurationList = E42AD10E266E52FE0071B436 /* Build configuration list for PBXNativeTarget "issue-tracker" */;
			buildPhases = (
				E42AD0F6266E52FB0071B436 /* Sources */,
				E42AD0F7266E52FB0071B436 /* Frameworks */,
				E42AD0F8266E52FB0071B436 /* Resources */,
			);
			buildRules = (
			);
			dependencies = (
			);
			name = "issue-tracker";
			productName = "issue-tracker";
			productReference = E42AD0FA266E52FB0071B436 /* issue-tracker.app */;
			productType = "com.apple.product-type.application";
		};
/* End PBXNativeTarget section */

/* Begin PBXProject section */
		E42AD0F2266E52FB0071B436 /* Project object */ = {
			isa = PBXProject;
			attributes = {
				LastSwiftUpdateCheck = 1250;
				LastUpgradeCheck = 1250;
				TargetAttributes = {
					E42AD0F9266E52FB0071B436 = {
						CreatedOnToolsVersion = 12.5;
					};
				};
			};
			buildConfigurationList = E42AD0F5266E52FB0071B436 /* Build configuration list for PBXProject "issue-tracker" */;
			compatibilityVersion = "Xcode 9.3";
			developmentRegion = en;
			hasScannedForEncodings = 0;
			knownRegions = (
				en,
				Base,
			);
			mainGroup = E42AD0F1266E52FB0071B436;
			productRefGroup = E42AD0FB266E52FB0071B436 /* Products */;
			projectDirPath = "";
			projectRoot = "";
			targets = (
				E42AD0F9266E52FB0071B436 /* issue-tracker */,
			);
		};
/* End PBXProject section */

/* Begin PBXResourcesBuildPhase section */
		E42AD0F8266E52FB0071B436 /* Resources */ = {
			isa = PBXResourcesBuildPhase;
			buildActionMask = 2147483647;
			files = (
				E42AD10A266E52FE0071B436 /* LaunchScreen.storyboard in Resources */,
				E42AD107266E52FE0071B436 /* Assets.xcassets in Resources */,
				E42AD105266E52FB0071B436 /* Main.storyboard in Resources */,
			);
			runOnlyForDeploymentPostprocessing = 0;
		};
/* End PBXResourcesBuildPhase section */

/* Begin PBXSourcesBuildPhase section */
		E42AD0F6266E52FB0071B436 /* Sources */ = {
			isa = PBXSourcesBuildPhase;
			buildActionMask = 2147483647;
			files = (
				E42AD102266E52FB0071B436 /* LoginViewController.swift in Sources */,
				FAEB30AC266F5E9700C17BE9 /* Colors.swift in Sources */,
				E42AD0FE266E52FB0071B436 /* AppDelegate.swift in Sources */,
				E42AD100266E52FB0071B436 /* SceneDelegate.swift in Sources */,
			);
			runOnlyForDeploymentPostprocessing = 0;
		};
/* End PBXSourcesBuildPhase section */

/* Begin PBXVariantGroup section */
		E42AD103266E52FB0071B436 /* Main.storyboard */ = {
			isa = PBXVariantGroup;
			children = (
				E42AD104266E52FB0071B436 /* Base */,
			);
			name = Main.storyboard;
			sourceTree = "<group>";
		};
		E42AD108266E52FE0071B436 /* LaunchScreen.storyboard */ = {
			isa = PBXVariantGroup;
			children = (
				E42AD109266E52FE0071B436 /* Base */,
			);
			name = LaunchScreen.storyboard;
			sourceTree = "<group>";
		};
/* End PBXVariantGroup section */

/* Begin XCBuildConfiguration section */
		E42AD10C266E52FE0071B436 /* Debug */ = {
			isa = XCBuildConfiguration;
			buildSettings = {
				ALWAYS_SEARCH_USER_PATHS = NO;
				CLANG_ANALYZER_NONNULL = YES;
				CLANG_ANALYZER_NUMBER_OBJECT_CONVERSION = YES_AGGRESSIVE;
				CLANG_CXX_LANGUAGE_STANDARD = "gnu++14";
				CLANG_CXX_LIBRARY = "libc++";
				CLANG_ENABLE_MODULES = YES;
				CLANG_ENABLE_OBJC_ARC = YES;
				CLANG_ENABLE_OBJC_WEAK = YES;
				CLANG_WARN_BLOCK_CAPTURE_AUTORELEASING = YES;
				CLANG_WARN_BOOL_CONVERSION = YES;
				CLANG_WARN_COMMA = YES;
				CLANG_WARN_CONSTANT_CONVERSION = YES;
				CLANG_WARN_DEPRECATED_OBJC_IMPLEMENTATIONS = YES;
				CLANG_WARN_DIRECT_OBJC_ISA_USAGE = YES_ERROR;
				CLANG_WARN_DOCUMENTATION_COMMENTS = YES;
				CLANG_WARN_EMPTY_BODY = YES;
				CLANG_WARN_ENUM_CONVERSION = YES;
				CLANG_WARN_INFINITE_RECURSION = YES;
				CLANG_WARN_INT_CONVERSION = YES;
				CLANG_WARN_NON_LITERAL_NULL_CONVERSION = YES;
				CLANG_WARN_OBJC_IMPLICIT_RETAIN_SELF = YES;
				CLANG_WARN_OBJC_LITERAL_CONVERSION = YES;
				CLANG_WARN_OBJC_ROOT_CLASS = YES_ERROR;
				CLANG_WARN_QUOTED_INCLUDE_IN_FRAMEWORK_HEADER = YES;
				CLANG_WARN_RANGE_LOOP_ANALYSIS = YES;
				CLANG_WARN_STRICT_PROTOTYPES = YES;
				CLANG_WARN_SUSPICIOUS_MOVE = YES;
				CLANG_WARN_UNGUARDED_AVAILABILITY = YES_AGGRESSIVE;
				CLANG_WARN_UNREACHABLE_CODE = YES;
				CLANG_WARN__DUPLICATE_METHOD_MATCH = YES;
				COPY_PHASE_STRIP = NO;
				DEBUG_INFORMATION_FORMAT = dwarf;
				ENABLE_STRICT_OBJC_MSGSEND = YES;
				ENABLE_TESTABILITY = YES;
				GCC_C_LANGUAGE_STANDARD = gnu11;
				GCC_DYNAMIC_NO_PIC = NO;
				GCC_NO_COMMON_BLOCKS = YES;
				GCC_OPTIMIZATION_LEVEL = 0;
				GCC_PREPROCESSOR_DEFINITIONS = (
					"DEBUG=1",
					"$(inherited)",
				);
				GCC_WARN_64_TO_32_BIT_CONVERSION = YES;
				GCC_WARN_ABOUT_RETURN_TYPE = YES_ERROR;
				GCC_WARN_UNDECLARED_SELECTOR = YES;
				GCC_WARN_UNINITIALIZED_AUTOS = YES_AGGRESSIVE;
				GCC_WARN_UNUSED_FUNCTION = YES;
				GCC_WARN_UNUSED_VARIABLE = YES;
				IPHONEOS_DEPLOYMENT_TARGET = 14.1;
				MTL_ENABLE_DEBUG_INFO = INCLUDE_SOURCE;
				MTL_FAST_MATH = YES;
				ONLY_ACTIVE_ARCH = YES;
				SDKROOT = iphoneos;
				SWIFT_ACTIVE_COMPILATION_CONDITIONS = DEBUG;
				SWIFT_OPTIMIZATION_LEVEL = "-Onone";
			};
			name = Debug;
		};
		E42AD10D266E52FE0071B436 /* Release */ = {
			isa = XCBuildConfiguration;
			buildSettings = {
				ALWAYS_SEARCH_USER_PATHS = NO;
				CLANG_ANALYZER_NONNULL = YES;
				CLANG_ANALYZER_NUMBER_OBJECT_CONVERSION = YES_AGGRESSIVE;
				CLANG_CXX_LANGUAGE_STANDARD = "gnu++14";
				CLANG_CXX_LIBRARY = "libc++";
				CLANG_ENABLE_MODULES = YES;
				CLANG_ENABLE_OBJC_ARC = YES;
				CLANG_ENABLE_OBJC_WEAK = YES;
				CLANG_WARN_BLOCK_CAPTURE_AUTORELEASING = YES;
				CLANG_WARN_BOOL_CONVERSION = YES;
				CLANG_WARN_COMMA = YES;
				CLANG_WARN_CONSTANT_CONVERSION = YES;
				CLANG_WARN_DEPRECATED_OBJC_IMPLEMENTATIONS = YES;
				CLANG_WARN_DIRECT_OBJC_ISA_USAGE = YES_ERROR;
				CLANG_WARN_DOCUMENTATION_COMMENTS = YES;
				CLANG_WARN_EMPTY_BODY = YES;
				CLANG_WARN_ENUM_CONVERSION = YES;
				CLANG_WARN_INFINITE_RECURSION = YES;
				CLANG_WARN_INT_CONVERSION = YES;
				CLANG_WARN_NON_LITERAL_NULL_CONVERSION = YES;
				CLANG_WARN_OBJC_IMPLICIT_RETAIN_SELF = YES;
				CLANG_WARN_OBJC_LITERAL_CONVERSION = YES;
				CLANG_WARN_OBJC_ROOT_CLASS = YES_ERROR;
				CLANG_WARN_QUOTED_INCLUDE_IN_FRAMEWORK_HEADER = YES;
				CLANG_WARN_RANGE_LOOP_ANALYSIS = YES;
				CLANG_WARN_STRICT_PROTOTYPES = YES;
				CLANG_WARN_SUSPICIOUS_MOVE = YES;
				CLANG_WARN_UNGUARDED_AVAILABILITY = YES_AGGRESSIVE;
				CLANG_WARN_UNREACHABLE_CODE = YES;
				CLANG_WARN__DUPLICATE_METHOD_MATCH = YES;
				COPY_PHASE_STRIP = NO;
				DEBUG_INFORMATION_FORMAT = "dwarf-with-dsym";
				ENABLE_NS_ASSERTIONS = NO;
				ENABLE_STRICT_OBJC_MSGSEND = YES;
				GCC_C_LANGUAGE_STANDARD = gnu11;
				GCC_NO_COMMON_BLOCKS = YES;
				GCC_WARN_64_TO_32_BIT_CONVERSION = YES;
				GCC_WARN_ABOUT_RETURN_TYPE = YES_ERROR;
				GCC_WARN_UNDECLARED_SELECTOR = YES;
				GCC_WARN_UNINITIALIZED_AUTOS = YES_AGGRESSIVE;
				GCC_WARN_UNUSED_FUNCTION = YES;
				GCC_WARN_UNUSED_VARIABLE = YES;
				IPHONEOS_DEPLOYMENT_TARGET = 14.1;
				MTL_ENABLE_DEBUG_INFO = NO;
				MTL_FAST_MATH = YES;
				SDKROOT = iphoneos;
				SWIFT_COMPILATION_MODE = wholemodule;
				SWIFT_OPTIMIZATION_LEVEL = "-O";
				VALIDATE_PRODUCT = YES;
			};
			name = Release;
		};
		E42AD10F266E52FE0071B436 /* Debug */ = {
			isa = XCBuildConfiguration;
			buildSettings = {
				ASSETCATALOG_COMPILER_APPICON_NAME = AppIcon;
				ASSETCATALOG_COMPILER_GLOBAL_ACCENT_COLOR_NAME = AccentColor;
				CODE_SIGN_STYLE = Automatic;
				DEVELOPMENT_TEAM = B3PWYBKFUK;
				INFOPLIST_FILE = "issue-tracker/Info.plist";
				LD_RUNPATH_SEARCH_PATHS = (
					"$(inherited)",
					"@executable_path/Frameworks",
				);
				PRODUCT_BUNDLE_IDENTIFIER = "loljack.issue-tracker";
				PRODUCT_NAME = "$(TARGET_NAME)";
				SWIFT_VERSION = 5.0;
				TARGETED_DEVICE_FAMILY = 1;
			};
			name = Debug;
		};
		E42AD110266E52FE0071B436 /* Release */ = {
			isa = XCBuildConfiguration;
			buildSettings = {
				ASSETCATALOG_COMPILER_APPICON_NAME = AppIcon;
				ASSETCATALOG_COMPILER_GLOBAL_ACCENT_COLOR_NAME = AccentColor;
				CODE_SIGN_STYLE = Automatic;
				DEVELOPMENT_TEAM = B3PWYBKFUK;
				INFOPLIST_FILE = "issue-tracker/Info.plist";
				LD_RUNPATH_SEARCH_PATHS = (
					"$(inherited)",
					"@executable_path/Frameworks",
				);
				PRODUCT_BUNDLE_IDENTIFIER = "loljack.issue-tracker";
				PRODUCT_NAME = "$(TARGET_NAME)";
				SWIFT_VERSION = 5.0;
				TARGETED_DEVICE_FAMILY = 1;
			};
			name = Release;
		};
/* End XCBuildConfiguration section */

/* Begin XCConfigurationList section */
		E42AD0F5266E52FB0071B436 /* Build configuration list for PBXProject "issue-tracker" */ = {
			isa = XCConfigurationList;
			buildConfigurations = (
				E42AD10C266E52FE0071B436 /* Debug */,
				E42AD10D266E52FE0071B436 /* Release */,
			);
			defaultConfigurationIsVisible = 0;
			defaultConfigurationName = Release;
		};
		E42AD10E266E52FE0071B436 /* Build configuration list for PBXNativeTarget "issue-tracker" */ = {
			isa = XCConfigurationList;
			buildConfigurations = (
				E42AD10F266E52FE0071B436 /* Debug */,
				E42AD110266E52FE0071B436 /* Release */,
			);
			defaultConfigurationIsVisible = 0;
			defaultConfigurationName = Release;
		};
/* End XCConfigurationList section */
	};
	rootObject = E42AD0F2266E52FB0071B436 /* Project object */;
}
